// !$*UTF8*$!
{
	archiveVersion = 1;
	classes = {
	};
	objectVersion = 55;
	objects = {

/* Begin PBXBuildFile section */
		CE000CF3286076F000FAB4BD /* Settings.Item.swift in Sources */ = {isa = PBXBuildFile; fileRef = CE000CF2286076F000FAB4BD /* Settings.Item.swift */; };
		CE000CF528607C8500FAB4BD /* About.swift in Sources */ = {isa = PBXBuildFile; fileRef = CE000CF428607C8500FAB4BD /* About.swift */; };
		CE000CF728607F6200FAB4BD /* Purchases.swift in Sources */ = {isa = PBXBuildFile; fileRef = CE000CF628607F6200FAB4BD /* Purchases.swift */; };
		CE000CF92860857900FAB4BD /* Upgrade.swift in Sources */ = {isa = PBXBuildFile; fileRef = CE000CF82860857900FAB4BD /* Upgrade.swift */; };
		CE000CFB2860A00800FAB4BD /* Results.swift in Sources */ = {isa = PBXBuildFile; fileRef = CE000CFA2860A00800FAB4BD /* Results.swift */; };
		CE000CFD2860AD3C00FAB4BD /* Results.Item.swift in Sources */ = {isa = PBXBuildFile; fileRef = CE000CFC2860AD3C00FAB4BD /* Results.Item.swift */; };
		CE000CFE2860CBFD00FAB4BD /* Session.swift in Sources */ = {isa = PBXBuildFile; fileRef = CED84664285893A7002A4BE6 /* Session.swift */; };
		CE000D002860CC8200FAB4BD /* Window.swift in Sources */ = {isa = PBXBuildFile; fileRef = CE000CFF2860CC8200FAB4BD /* Window.swift */; };
		CE000D022860CCC300FAB4BD /* Media.xcassets in Resources */ = {isa = PBXBuildFile; fileRef = CE000D012860CCC300FAB4BD /* Media.xcassets */; };
		CE000D032860CCC300FAB4BD /* Media.xcassets in Resources */ = {isa = PBXBuildFile; fileRef = CE000D012860CCC300FAB4BD /* Media.xcassets */; };
		CE000D062860CD3700FAB4BD /* Stats.swift in Sources */ = {isa = PBXBuildFile; fileRef = CE000D042860CD3700FAB4BD /* Stats.swift */; };
		CE000D072860CE2200FAB4BD /* Chart.Trend.swift in Sources */ = {isa = PBXBuildFile; fileRef = CEDF5D78285E037B00BD19A4 /* Chart.Trend.swift */; };
		CE000D0A2860CE4000FAB4BD /* Stats.Explore.swift in Sources */ = {isa = PBXBuildFile; fileRef = CE000D082860CE4000FAB4BD /* Stats.Explore.swift */; };
		CE000D0E2860D7F900FAB4BD /* Main.swift in Sources */ = {isa = PBXBuildFile; fileRef = CE000D0D2860D7F900FAB4BD /* Main.swift */; };
		CE000D102860D9DE00FAB4BD /* Walking.swift in Sources */ = {isa = PBXBuildFile; fileRef = CE000D0F2860D9DE00FAB4BD /* Walking.swift */; };
		CE000D112860DA1D00FAB4BD /* Walker.swift in Sources */ = {isa = PBXBuildFile; fileRef = CE005EE2285A4B0B00CE370E /* Walker.swift */; };
		CE005EE3285A4B0B00CE370E /* Walker.swift in Sources */ = {isa = PBXBuildFile; fileRef = CE005EE2285A4B0B00CE370E /* Walker.swift */; };
		CE0FEBD728649E7F009F6663 /* Progress.swift in Sources */ = {isa = PBXBuildFile; fileRef = CE41574D2859D3A5001513A0 /* Progress.swift */; };
		CE0FEBD92864A15C009F6663 /* Indicator.swift in Sources */ = {isa = PBXBuildFile; fileRef = CE0FEBD82864A15C009F6663 /* Indicator.swift */; };
		CE0FEBDB2864AFE0009F6663 /* Stats.Item.swift in Sources */ = {isa = PBXBuildFile; fileRef = CE0FEBDA2864AFE0009F6663 /* Stats.Item.swift */; };
		CE1091B5285F3E8D00CB88EB /* Main.Title.swift in Sources */ = {isa = PBXBuildFile; fileRef = CE1091B4285F3E8D00CB88EB /* Main.Title.swift */; };
		CE1091B7285F408B00CB88EB /* Streak.swift in Sources */ = {isa = PBXBuildFile; fileRef = CE1091B6285F408B00CB88EB /* Streak.swift */; };
		CE120553285C87E300584E58 /* Map.swift in Sources */ = {isa = PBXBuildFile; fileRef = CE120552285C87E300584E58 /* Map.swift */; };
		CE120555285C8A3100584E58 /* Mapper.swift in Sources */ = {isa = PBXBuildFile; fileRef = CE120554285C8A3100584E58 /* Mapper.swift */; };
		CE12C66F286209B000274FE6 /* Walking.Explore.swift in Sources */ = {isa = PBXBuildFile; fileRef = CE12C66E286209B000274FE6 /* Walking.Explore.swift */; };
		CE12C67128620C6E00274FE6 /* Walking.Top.swift in Sources */ = {isa = PBXBuildFile; fileRef = CE12C67028620C6E00274FE6 /* Walking.Top.swift */; };
		CE12C6772862108500274FE6 /* Walking.Item.swift in Sources */ = {isa = PBXBuildFile; fileRef = CE12C6762862108500274FE6 /* Walking.Item.swift */; };
		CE12C6792862145E00274FE6 /* Card.swift in Sources */ = {isa = PBXBuildFile; fileRef = CE12C6782862145E00274FE6 /* Card.swift */; };
		CE1912B6285CC7E400956D95 /* Main.Navigation.swift in Sources */ = {isa = PBXBuildFile; fileRef = CE1912B5285CC7E400956D95 /* Main.Navigation.swift */; };
		CE1912B8285CDD4000956D95 /* Settings.swift in Sources */ = {isa = PBXBuildFile; fileRef = CE1912B7285CDD4000956D95 /* Settings.swift */; };
		CE1912BA285CDEA400956D95 /* Settings.Info.swift in Sources */ = {isa = PBXBuildFile; fileRef = CE1912B9285CDEA400956D95 /* Settings.Info.swift */; };
		CE1912BC285CE2C700956D95 /* Main.Mapper.swift in Sources */ = {isa = PBXBuildFile; fileRef = CE1912BB285CE2C700956D95 /* Main.Mapper.swift */; };
		CE252326278C6FFD000A26C5 /* Assets.xcassets in Resources */ = {isa = PBXBuildFile; fileRef = CE252325278C6FFD000A26C5 /* Assets.xcassets */; };
		CE25232C278C6FFD000A26C5 /* WalkHero.appex in Embed App Extensions */ = {isa = PBXBuildFile; fileRef = CE25232B278C6FFD000A26C5 /* WalkHero.appex */; settings = {ATTRIBUTES = (RemoveHeadersOnCopy, ); }; };
		CE252331278C6FFD000A26C5 /* App.Delegate.swift in Sources */ = {isa = PBXBuildFile; fileRef = CE252330278C6FFD000A26C5 /* App.Delegate.swift */; };
		CE252333278C6FFD000A26C5 /* App.swift in Sources */ = {isa = PBXBuildFile; fileRef = CE252332278C6FFD000A26C5 /* App.swift */; };
		CE25233E278C6FFD000A26C5 /* WalkHero.app in Embed Watch Content */ = {isa = PBXBuildFile; fileRef = CE252323278C6FFC000A26C5 /* WalkHero.app */; settings = {ATTRIBUTES = (RemoveHeadersOnCopy, ); }; };
		CE252347278C703C000A26C5 /* Accent.xcassets in Resources */ = {isa = PBXBuildFile; fileRef = CEF40CBC2779FBB3001BECAB /* Accent.xcassets */; };
		CE252348278C703E000A26C5 /* Accent.xcassets in Resources */ = {isa = PBXBuildFile; fileRef = CEF40CBC2779FBB3001BECAB /* Accent.xcassets */; };
		CE252349278C70B0000A26C5 /* Global.swift in Sources */ = {isa = PBXBuildFile; fileRef = CEF40CA92779F6D9001BECAB /* Global.swift */; };
		CE25234B278C710B000A26C5 /* Hero in Frameworks */ = {isa = PBXBuildFile; productRef = CE25234A278C710B000A26C5 /* Hero */; };
		CE3965DE285B37F9008A3CAF /* AttributedString.swift in Sources */ = {isa = PBXBuildFile; fileRef = CE3965DD285B37F9008A3CAF /* AttributedString.swift */; };
		CE3965DF285B37F9008A3CAF /* AttributedString.swift in Sources */ = {isa = PBXBuildFile; fileRef = CE3965DD285B37F9008A3CAF /* AttributedString.swift */; };
		CE3965E6285B73ED008A3CAF /* Walking.Explore.swift in Sources */ = {isa = PBXBuildFile; fileRef = CE3965E5285B73ED008A3CAF /* Walking.Explore.swift */; };
		CE3965EA285B7C71008A3CAF /* Leaf.xcassets in Resources */ = {isa = PBXBuildFile; fileRef = CE3965E9285B7C71008A3CAF /* Leaf.xcassets */; };
		CE3965EB285B7C71008A3CAF /* Leaf.xcassets in Resources */ = {isa = PBXBuildFile; fileRef = CE3965E9285B7C71008A3CAF /* Leaf.xcassets */; };
		CE3965ED285B7CFE008A3CAF /* Leaf.Name.swift in Sources */ = {isa = PBXBuildFile; fileRef = CE3965EC285B7CFE008A3CAF /* Leaf.Name.swift */; };
		CE3965EE285B7CFE008A3CAF /* Leaf.Name.swift in Sources */ = {isa = PBXBuildFile; fileRef = CE3965EC285B7CFE008A3CAF /* Leaf.Name.swift */; };
		CE3965F0285B80CE008A3CAF /* Walking.Top.swift in Sources */ = {isa = PBXBuildFile; fileRef = CE3965EF285B80CE008A3CAF /* Walking.Top.swift */; };
		CE41574E2859D3A5001513A0 /* Progress.swift in Sources */ = {isa = PBXBuildFile; fileRef = CE41574D2859D3A5001513A0 /* Progress.swift */; };
		CE4B3486277A299200330CB4 /* CloudKit.framework in Frameworks */ = {isa = PBXBuildFile; fileRef = CE4B3485277A299200330CB4 /* CloudKit.framework */; };
		CE4B3488277A29A500330CB4 /* HealthKit.framework in Frameworks */ = {isa = PBXBuildFile; fileRef = CE4B3487277A29A500330CB4 /* HealthKit.framework */; };
		CE512EE92779F1FF003ED854 /* Assets.xcassets in Resources */ = {isa = PBXBuildFile; fileRef = CE512EE82779F1FF003ED854 /* Assets.xcassets */; };
		CE512EF22779F4BC003ED854 /* App.swift in Sources */ = {isa = PBXBuildFile; fileRef = CE512EF12779F4BC003ED854 /* App.swift */; };
		CE7052FC278C732200F6C10B /* HealthKit.framework in Frameworks */ = {isa = PBXBuildFile; fileRef = CE7052FB278C732200F6C10B /* HealthKit.framework */; };
		CE7052FE278C733100F6C10B /* CloudKit.framework in Frameworks */ = {isa = PBXBuildFile; fileRef = CE7052FD278C733100F6C10B /* CloudKit.framework */; };
		CE705300278C733F00F6C10B /* StoreKit.framework in Frameworks */ = {isa = PBXBuildFile; fileRef = CE7052FF278C733F00F6C10B /* StoreKit.framework */; };
		CE83B95F2791B3DB0056B006 /* Sheet.swift in Sources */ = {isa = PBXBuildFile; fileRef = CE83B95E2791B3DB0056B006 /* Sheet.swift */; };
		CE846E67278E178B005989B0 /* Challenge.swift in Sources */ = {isa = PBXBuildFile; fileRef = CE846E66278E178B005989B0 /* Challenge.swift */; };
		CE846E68278E17A1005989B0 /* Challenge.swift in Sources */ = {isa = PBXBuildFile; fileRef = CE846E66278E178B005989B0 /* Challenge.swift */; };
		CE96341F277CA1F700CCFF4B /* Streak.Month.Day.swift in Sources */ = {isa = PBXBuildFile; fileRef = CE963419277CA1F700CCFF4B /* Streak.Month.Day.swift */; };
		CE963421277CA1F700CCFF4B /* Streak.Navigation.swift in Sources */ = {isa = PBXBuildFile; fileRef = CE96341B277CA1F700CCFF4B /* Streak.Navigation.swift */; };
		CE963423277CA1F700CCFF4B /* Streak.Month.swift in Sources */ = {isa = PBXBuildFile; fileRef = CE96341D277CA1F700CCFF4B /* Streak.Month.swift */; };
		CEAA8C8C28631CEF0009D440 /* Walking.Info.swift in Sources */ = {isa = PBXBuildFile; fileRef = CEAA8C8B28631CEF0009D440 /* Walking.Info.swift */; };
		CEAA8C8E286323780009D440 /* Results.swift in Sources */ = {isa = PBXBuildFile; fileRef = CEAA8C8D286323780009D440 /* Results.swift */; };
		CEAA8C902863238B0009D440 /* Results.Item.swift in Sources */ = {isa = PBXBuildFile; fileRef = CEAA8C8F2863238B0009D440 /* Results.Item.swift */; };
		CEB0D6D8278DC0CE00A7C9AF /* Walking.swift in Sources */ = {isa = PBXBuildFile; fileRef = CEB0D6D7278DC0CE00A7C9AF /* Walking.swift */; };
		CEBE58EB2861B7050062733B /* Walking.Actions.swift in Sources */ = {isa = PBXBuildFile; fileRef = CEBE58EA2861B7050062733B /* Walking.Actions.swift */; };
		CEBE58ED2861C4DB0062733B /* Stats.Today.swift in Sources */ = {isa = PBXBuildFile; fileRef = CEBE58EC2861C4DB0062733B /* Stats.Today.swift */; };
		CEBE58EF2861CA730062733B /* Main.Actions.swift in Sources */ = {isa = PBXBuildFile; fileRef = CEBE58EE2861CA730062733B /* Main.Actions.swift */; };
		CEBF91B32858A96800811090 /* Walking.Item.swift in Sources */ = {isa = PBXBuildFile; fileRef = CEBF91B22858A96800811090 /* Walking.Item.swift */; };
		CEC805BA277B36B400D1B046 /* Main.swift in Sources */ = {isa = PBXBuildFile; fileRef = CEC805B9277B36B400D1B046 /* Main.swift */; };
		CECD14DF27E60E77005FB1FC /* Launch Screen.storyboard in Resources */ = {isa = PBXBuildFile; fileRef = CECD14DE27E60E77005FB1FC /* Launch Screen.storyboard */; };
		CED84661285888EF002A4BE6 /* Main.Item.swift in Sources */ = {isa = PBXBuildFile; fileRef = CED84660285888EF002A4BE6 /* Main.Item.swift */; };
		CED8466328589270002A4BE6 /* Window.swift in Sources */ = {isa = PBXBuildFile; fileRef = CED8466228589270002A4BE6 /* Window.swift */; };
		CED84665285893A7002A4BE6 /* Session.swift in Sources */ = {isa = PBXBuildFile; fileRef = CED84664285893A7002A4BE6 /* Session.swift */; };
		CED8466728589B0B002A4BE6 /* Card.swift in Sources */ = {isa = PBXBuildFile; fileRef = CED8466628589B0B002A4BE6 /* Card.swift */; };
		CEDF5D6D285DE16500BD19A4 /* Stats.swift in Sources */ = {isa = PBXBuildFile; fileRef = CEDF5D6C285DE16500BD19A4 /* Stats.swift */; };
		CEDF5D6F285DEFF300BD19A4 /* Badges.swift in Sources */ = {isa = PBXBuildFile; fileRef = CEDF5D6E285DEFF300BD19A4 /* Badges.swift */; };
		CEDF5D71285DF5CE00BD19A4 /* Stats.Explore.swift in Sources */ = {isa = PBXBuildFile; fileRef = CEDF5D70285DF5CE00BD19A4 /* Stats.Explore.swift */; };
		CEDF5D73285DF87300BD19A4 /* Stats.Item.swift in Sources */ = {isa = PBXBuildFile; fileRef = CEDF5D72285DF87300BD19A4 /* Stats.Item.swift */; };
		CEDF5D77285E00B000BD19A4 /* Stats.Detail.swift in Sources */ = {isa = PBXBuildFile; fileRef = CEDF5D76285E00B000BD19A4 /* Stats.Detail.swift */; };
		CEDF5D79285E037B00BD19A4 /* Chart.Trend.swift in Sources */ = {isa = PBXBuildFile; fileRef = CEDF5D78285E037B00BD19A4 /* Chart.Trend.swift */; };
		CEF40C9D2779F53F001BECAB /* App.Delegate.swift in Sources */ = {isa = PBXBuildFile; fileRef = CEF40C9C2779F53F001BECAB /* App.Delegate.swift */; };
		CEF40CA02779F6A0001BECAB /* UNUserNotificationCenter.swift in Sources */ = {isa = PBXBuildFile; fileRef = CEF40C9F2779F6A0001BECAB /* UNUserNotificationCenter.swift */; };
		CEF40CA62779F6CE001BECAB /* Store.swift in Sources */ = {isa = PBXBuildFile; fileRef = CEF40CA32779F6CE001BECAB /* Store.swift */; };
		CEF40CA72779F6CE001BECAB /* Store.Status.swift in Sources */ = {isa = PBXBuildFile; fileRef = CEF40CA42779F6CE001BECAB /* Store.Status.swift */; };
		CEF40CA82779F6CE001BECAB /* Store.Item.swift in Sources */ = {isa = PBXBuildFile; fileRef = CEF40CA52779F6CE001BECAB /* Store.Item.swift */; };
		CEF40CAA2779F6D9001BECAB /* Global.swift in Sources */ = {isa = PBXBuildFile; fileRef = CEF40CA92779F6D9001BECAB /* Global.swift */; };
		CEF40CAC2779F6E2001BECAB /* Copy.swift in Sources */ = {isa = PBXBuildFile; fileRef = CEF40CAB2779F6E2001BECAB /* Copy.swift */; };
		CEF40CAF2779F760001BECAB /* Hero in Frameworks */ = {isa = PBXBuildFile; productRef = CEF40CAE2779F760001BECAB /* Hero */; };
		CEF40CB32779FAF7001BECAB /* UIApplication.swift in Sources */ = {isa = PBXBuildFile; fileRef = CEF40CB22779FAF7001BECAB /* UIApplication.swift */; };
		CEF40CBD2779FBB3001BECAB /* Accent.xcassets in Resources */ = {isa = PBXBuildFile; fileRef = CEF40CBC2779FBB3001BECAB /* Accent.xcassets */; };
/* End PBXBuildFile section */

/* Begin PBXContainerItemProxy section */
		CE25232D278C6FFD000A26C5 /* PBXContainerItemProxy */ = {
			isa = PBXContainerItemProxy;
			containerPortal = CE14B65D2779F0AA00DC35FA /* Project object */;
			proxyType = 1;
			remoteGlobalIDString = CE25232A278C6FFD000A26C5;
			remoteInfo = "watchOS WatchKit Extension";
		};
		CE25233C278C6FFD000A26C5 /* PBXContainerItemProxy */ = {
			isa = PBXContainerItemProxy;
			containerPortal = CE14B65D2779F0AA00DC35FA /* Project object */;
			proxyType = 1;
			remoteGlobalIDString = CE252322278C6FFC000A26C5;
			remoteInfo = watchOS;
		};
/* End PBXContainerItemProxy section */

/* Begin PBXCopyFilesBuildPhase section */
		CE25233F278C6FFD000A26C5 /* Embed Watch Content */ = {
			isa = PBXCopyFilesBuildPhase;
			buildActionMask = 2147483647;
			dstPath = "$(CONTENTS_FOLDER_PATH)/Watch";
			dstSubfolderSpec = 16;
			files = (
				CE25233E278C6FFD000A26C5 /* WalkHero.app in Embed Watch Content */,
			);
			name = "Embed Watch Content";
			runOnlyForDeploymentPostprocessing = 0;
		};
		CE252342278C6FFD000A26C5 /* Embed App Extensions */ = {
			isa = PBXCopyFilesBuildPhase;
			buildActionMask = 2147483647;
			dstPath = "";
			dstSubfolderSpec = 13;
			files = (
				CE25232C278C6FFD000A26C5 /* WalkHero.appex in Embed App Extensions */,
			);
			name = "Embed App Extensions";
			runOnlyForDeploymentPostprocessing = 0;
		};
/* End PBXCopyFilesBuildPhase section */

/* Begin PBXFileReference section */
		CE000CF2286076F000FAB4BD /* Settings.Item.swift */ = {isa = PBXFileReference; lastKnownFileType = sourcecode.swift; path = Settings.Item.swift; sourceTree = "<group>"; };
		CE000CF428607C8500FAB4BD /* About.swift */ = {isa = PBXFileReference; lastKnownFileType = sourcecode.swift; path = About.swift; sourceTree = "<group>"; };
		CE000CF628607F6200FAB4BD /* Purchases.swift */ = {isa = PBXFileReference; lastKnownFileType = sourcecode.swift; path = Purchases.swift; sourceTree = "<group>"; };
		CE000CF82860857900FAB4BD /* Upgrade.swift */ = {isa = PBXFileReference; lastKnownFileType = sourcecode.swift; path = Upgrade.swift; sourceTree = "<group>"; };
		CE000CFA2860A00800FAB4BD /* Results.swift */ = {isa = PBXFileReference; lastKnownFileType = sourcecode.swift; path = Results.swift; sourceTree = "<group>"; };
		CE000CFC2860AD3C00FAB4BD /* Results.Item.swift */ = {isa = PBXFileReference; lastKnownFileType = sourcecode.swift; path = Results.Item.swift; sourceTree = "<group>"; };
		CE000CFF2860CC8200FAB4BD /* Window.swift */ = {isa = PBXFileReference; lastKnownFileType = sourcecode.swift; path = Window.swift; sourceTree = "<group>"; };
		CE000D012860CCC300FAB4BD /* Media.xcassets */ = {isa = PBXFileReference; lastKnownFileType = folder.assetcatalog; path = Media.xcassets; sourceTree = "<group>"; };
		CE000D042860CD3700FAB4BD /* Stats.swift */ = {isa = PBXFileReference; lastKnownFileType = sourcecode.swift; path = Stats.swift; sourceTree = "<group>"; };
		CE000D082860CE4000FAB4BD /* Stats.Explore.swift */ = {isa = PBXFileReference; lastKnownFileType = sourcecode.swift; path = Stats.Explore.swift; sourceTree = "<group>"; };
		CE000D0D2860D7F900FAB4BD /* Main.swift */ = {isa = PBXFileReference; lastKnownFileType = sourcecode.swift; path = Main.swift; sourceTree = "<group>"; };
		CE000D0F2860D9DE00FAB4BD /* Walking.swift */ = {isa = PBXFileReference; lastKnownFileType = sourcecode.swift; path = Walking.swift; sourceTree = "<group>"; };
		CE005EE2285A4B0B00CE370E /* Walker.swift */ = {isa = PBXFileReference; lastKnownFileType = sourcecode.swift; path = Walker.swift; sourceTree = "<group>"; };
		CE0FEBD82864A15C009F6663 /* Indicator.swift */ = {isa = PBXFileReference; lastKnownFileType = sourcecode.swift; path = Indicator.swift; sourceTree = "<group>"; };
		CE0FEBDA2864AFE0009F6663 /* Stats.Item.swift */ = {isa = PBXFileReference; lastKnownFileType = sourcecode.swift; path = Stats.Item.swift; sourceTree = "<group>"; };
		CE1091B4285F3E8D00CB88EB /* Main.Title.swift */ = {isa = PBXFileReference; lastKnownFileType = sourcecode.swift; path = Main.Title.swift; sourceTree = "<group>"; };
		CE1091B6285F408B00CB88EB /* Streak.swift */ = {isa = PBXFileReference; lastKnownFileType = sourcecode.swift; path = Streak.swift; sourceTree = "<group>"; };
		CE120552285C87E300584E58 /* Map.swift */ = {isa = PBXFileReference; lastKnownFileType = sourcecode.swift; path = Map.swift; sourceTree = "<group>"; };
		CE120554285C8A3100584E58 /* Mapper.swift */ = {isa = PBXFileReference; lastKnownFileType = sourcecode.swift; path = Mapper.swift; sourceTree = "<group>"; };
		CE12C66E286209B000274FE6 /* Walking.Explore.swift */ = {isa = PBXFileReference; lastKnownFileType = sourcecode.swift; path = Walking.Explore.swift; sourceTree = "<group>"; };
		CE12C67028620C6E00274FE6 /* Walking.Top.swift */ = {isa = PBXFileReference; lastKnownFileType = sourcecode.swift; path = Walking.Top.swift; sourceTree = "<group>"; };
		CE12C6762862108500274FE6 /* Walking.Item.swift */ = {isa = PBXFileReference; lastKnownFileType = sourcecode.swift; path = Walking.Item.swift; sourceTree = "<group>"; };
		CE12C6782862145E00274FE6 /* Card.swift */ = {isa = PBXFileReference; lastKnownFileType = sourcecode.swift; path = Card.swift; sourceTree = "<group>"; };
		CE1912B5285CC7E400956D95 /* Main.Navigation.swift */ = {isa = PBXFileReference; lastKnownFileType = sourcecode.swift; path = Main.Navigation.swift; sourceTree = "<group>"; };
		CE1912B7285CDD4000956D95 /* Settings.swift */ = {isa = PBXFileReference; lastKnownFileType = sourcecode.swift; path = Settings.swift; sourceTree = "<group>"; };
		CE1912B9285CDEA400956D95 /* Settings.Info.swift */ = {isa = PBXFileReference; lastKnownFileType = sourcecode.swift; path = Settings.Info.swift; sourceTree = "<group>"; };
		CE1912BB285CE2C700956D95 /* Main.Mapper.swift */ = {isa = PBXFileReference; lastKnownFileType = sourcecode.swift; path = Main.Mapper.swift; sourceTree = "<group>"; };
		CE252323278C6FFC000A26C5 /* WalkHero.app */ = {isa = PBXFileReference; explicitFileType = wrapper.application; includeInIndex = 0; path = WalkHero.app; sourceTree = BUILT_PRODUCTS_DIR; };
		CE252325278C6FFD000A26C5 /* Assets.xcassets */ = {isa = PBXFileReference; lastKnownFileType = folder.assetcatalog; path = Assets.xcassets; sourceTree = "<group>"; };
		CE25232B278C6FFD000A26C5 /* WalkHero.appex */ = {isa = PBXFileReference; explicitFileType = "wrapper.app-extension"; includeInIndex = 0; path = WalkHero.appex; sourceTree = BUILT_PRODUCTS_DIR; };
		CE252330278C6FFD000A26C5 /* App.Delegate.swift */ = {isa = PBXFileReference; lastKnownFileType = sourcecode.swift; path = App.Delegate.swift; sourceTree = "<group>"; };
		CE252332278C6FFD000A26C5 /* App.swift */ = {isa = PBXFileReference; lastKnownFileType = sourcecode.swift; path = App.swift; sourceTree = "<group>"; };
		CE25233B278C6FFD000A26C5 /* Info.plist */ = {isa = PBXFileReference; lastKnownFileType = text.plist.xml; path = Info.plist; sourceTree = "<group>"; };
		CE3965DD285B37F9008A3CAF /* AttributedString.swift */ = {isa = PBXFileReference; lastKnownFileType = sourcecode.swift; path = AttributedString.swift; sourceTree = "<group>"; };
		CE3965E5285B73ED008A3CAF /* Walking.Explore.swift */ = {isa = PBXFileReference; lastKnownFileType = sourcecode.swift; path = Walking.Explore.swift; sourceTree = "<group>"; };
		CE3965E9285B7C71008A3CAF /* Leaf.xcassets */ = {isa = PBXFileReference; lastKnownFileType = folder.assetcatalog; path = Leaf.xcassets; sourceTree = "<group>"; };
		CE3965EC285B7CFE008A3CAF /* Leaf.Name.swift */ = {isa = PBXFileReference; lastKnownFileType = sourcecode.swift; path = Leaf.Name.swift; sourceTree = "<group>"; };
		CE3965EF285B80CE008A3CAF /* Walking.Top.swift */ = {isa = PBXFileReference; lastKnownFileType = sourcecode.swift; path = Walking.Top.swift; sourceTree = "<group>"; };
		CE41574D2859D3A5001513A0 /* Progress.swift */ = {isa = PBXFileReference; lastKnownFileType = sourcecode.swift; path = Progress.swift; sourceTree = "<group>"; };
		CE4B3483277A297700330CB4 /* iOS.entitlements */ = {isa = PBXFileReference; lastKnownFileType = text.plist.entitlements; path = iOS.entitlements; sourceTree = "<group>"; };
		CE4B3485277A299200330CB4 /* CloudKit.framework */ = {isa = PBXFileReference; lastKnownFileType = wrapper.framework; name = CloudKit.framework; path = Platforms/iPhoneOS.platform/Developer/SDKs/iPhoneOS15.2.sdk/System/Library/Frameworks/CloudKit.framework; sourceTree = DEVELOPER_DIR; };
		CE4B3487277A29A500330CB4 /* HealthKit.framework */ = {isa = PBXFileReference; lastKnownFileType = wrapper.framework; name = HealthKit.framework; path = Platforms/iPhoneOS.platform/Developer/SDKs/iPhoneOS15.2.sdk/System/Library/Frameworks/HealthKit.framework; sourceTree = DEVELOPER_DIR; };
		CE512EE12779F1FF003ED854 /* WalkHero.app */ = {isa = PBXFileReference; explicitFileType = wrapper.application; includeInIndex = 0; path = WalkHero.app; sourceTree = BUILT_PRODUCTS_DIR; };
		CE512EE82779F1FF003ED854 /* Assets.xcassets */ = {isa = PBXFileReference; lastKnownFileType = folder.assetcatalog; path = Assets.xcassets; sourceTree = "<group>"; };
		CE512EF02779F411003ED854 /* Info.plist */ = {isa = PBXFileReference; lastKnownFileType = text.plist; path = Info.plist; sourceTree = "<group>"; };
		CE512EF12779F4BC003ED854 /* App.swift */ = {isa = PBXFileReference; lastKnownFileType = sourcecode.swift; path = App.swift; sourceTree = "<group>"; };
		CE7052FA278C732200F6C10B /* watchOS Extension.entitlements */ = {isa = PBXFileReference; lastKnownFileType = text.plist.entitlements; path = "watchOS Extension.entitlements"; sourceTree = "<group>"; };
		CE7052FB278C732200F6C10B /* HealthKit.framework */ = {isa = PBXFileReference; lastKnownFileType = wrapper.framework; name = HealthKit.framework; path = Platforms/WatchOS.platform/Developer/SDKs/WatchOS8.3.sdk/System/Library/Frameworks/HealthKit.framework; sourceTree = DEVELOPER_DIR; };
		CE7052FD278C733100F6C10B /* CloudKit.framework */ = {isa = PBXFileReference; lastKnownFileType = wrapper.framework; name = CloudKit.framework; path = Platforms/WatchOS.platform/Developer/SDKs/WatchOS8.3.sdk/System/Library/Frameworks/CloudKit.framework; sourceTree = DEVELOPER_DIR; };
		CE7052FF278C733F00F6C10B /* StoreKit.framework */ = {isa = PBXFileReference; lastKnownFileType = wrapper.framework; name = StoreKit.framework; path = Platforms/iPhoneOS.platform/Developer/SDKs/iPhoneOS15.2.sdk/System/Library/Frameworks/StoreKit.framework; sourceTree = DEVELOPER_DIR; };
		CE83B95E2791B3DB0056B006 /* Sheet.swift */ = {isa = PBXFileReference; lastKnownFileType = sourcecode.swift; path = Sheet.swift; sourceTree = "<group>"; };
		CE846E66278E178B005989B0 /* Challenge.swift */ = {isa = PBXFileReference; lastKnownFileType = sourcecode.swift; path = Challenge.swift; sourceTree = "<group>"; };
		CE963419277CA1F700CCFF4B /* Streak.Month.Day.swift */ = {isa = PBXFileReference; fileEncoding = 4; lastKnownFileType = sourcecode.swift; path = Streak.Month.Day.swift; sourceTree = "<group>"; };
		CE96341B277CA1F700CCFF4B /* Streak.Navigation.swift */ = {isa = PBXFileReference; fileEncoding = 4; lastKnownFileType = sourcecode.swift; path = Streak.Navigation.swift; sourceTree = "<group>"; };
		CE96341D277CA1F700CCFF4B /* Streak.Month.swift */ = {isa = PBXFileReference; fileEncoding = 4; lastKnownFileType = sourcecode.swift; path = Streak.Month.swift; sourceTree = "<group>"; };
		CEAA8C8B28631CEF0009D440 /* Walking.Info.swift */ = {isa = PBXFileReference; lastKnownFileType = sourcecode.swift; path = Walking.Info.swift; sourceTree = "<group>"; };
		CEAA8C8D286323780009D440 /* Results.swift */ = {isa = PBXFileReference; lastKnownFileType = sourcecode.swift; path = Results.swift; sourceTree = "<group>"; };
		CEAA8C8F2863238B0009D440 /* Results.Item.swift */ = {isa = PBXFileReference; lastKnownFileType = sourcecode.swift; path = Results.Item.swift; sourceTree = "<group>"; };
		CEAB4A2D278C44CB00E23DF5 /* Configuration.storekit */ = {isa = PBXFileReference; lastKnownFileType = text; path = Configuration.storekit; sourceTree = "<group>"; };
		CEADD73327960E8600636974 /* watchOS.entitlements */ = {isa = PBXFileReference; lastKnownFileType = text.plist.entitlements; path = watchOS.entitlements; sourceTree = "<group>"; };
		CEB0D6D7278DC0CE00A7C9AF /* Walking.swift */ = {isa = PBXFileReference; lastKnownFileType = sourcecode.swift; path = Walking.swift; sourceTree = "<group>"; };
		CEBE58EA2861B7050062733B /* Walking.Actions.swift */ = {isa = PBXFileReference; lastKnownFileType = sourcecode.swift; path = Walking.Actions.swift; sourceTree = "<group>"; };
		CEBE58EC2861C4DB0062733B /* Stats.Today.swift */ = {isa = PBXFileReference; lastKnownFileType = sourcecode.swift; path = Stats.Today.swift; sourceTree = "<group>"; };
		CEBE58EE2861CA730062733B /* Main.Actions.swift */ = {isa = PBXFileReference; lastKnownFileType = sourcecode.swift; path = Main.Actions.swift; sourceTree = "<group>"; };
		CEBF91B22858A96800811090 /* Walking.Item.swift */ = {isa = PBXFileReference; lastKnownFileType = sourcecode.swift; path = Walking.Item.swift; sourceTree = "<group>"; };
		CEC805B7277B291C00D1B046 /* GameKit.framework */ = {isa = PBXFileReference; lastKnownFileType = wrapper.framework; name = GameKit.framework; path = Platforms/iPhoneOS.platform/Developer/SDKs/iPhoneOS15.2.sdk/System/Library/Frameworks/GameKit.framework; sourceTree = DEVELOPER_DIR; };
		CEC805B9277B36B400D1B046 /* Main.swift */ = {isa = PBXFileReference; lastKnownFileType = sourcecode.swift; path = Main.swift; sourceTree = "<group>"; };
		CECD14DE27E60E77005FB1FC /* Launch Screen.storyboard */ = {isa = PBXFileReference; lastKnownFileType = file.storyboard; path = "Launch Screen.storyboard"; sourceTree = "<group>"; };
		CED84660285888EF002A4BE6 /* Main.Item.swift */ = {isa = PBXFileReference; lastKnownFileType = sourcecode.swift; path = Main.Item.swift; sourceTree = "<group>"; };
		CED8466228589270002A4BE6 /* Window.swift */ = {isa = PBXFileReference; lastKnownFileType = sourcecode.swift; path = Window.swift; sourceTree = "<group>"; };
		CED84664285893A7002A4BE6 /* Session.swift */ = {isa = PBXFileReference; lastKnownFileType = sourcecode.swift; path = Session.swift; sourceTree = "<group>"; };
		CED8466628589B0B002A4BE6 /* Card.swift */ = {isa = PBXFileReference; lastKnownFileType = sourcecode.swift; path = Card.swift; sourceTree = "<group>"; };
		CEDF5D6C285DE16500BD19A4 /* Stats.swift */ = {isa = PBXFileReference; lastKnownFileType = sourcecode.swift; path = Stats.swift; sourceTree = "<group>"; };
		CEDF5D6E285DEFF300BD19A4 /* Badges.swift */ = {isa = PBXFileReference; lastKnownFileType = sourcecode.swift; path = Badges.swift; sourceTree = "<group>"; };
		CEDF5D70285DF5CE00BD19A4 /* Stats.Explore.swift */ = {isa = PBXFileReference; lastKnownFileType = sourcecode.swift; path = Stats.Explore.swift; sourceTree = "<group>"; };
		CEDF5D72285DF87300BD19A4 /* Stats.Item.swift */ = {isa = PBXFileReference; lastKnownFileType = sourcecode.swift; path = Stats.Item.swift; sourceTree = "<group>"; };
		CEDF5D76285E00B000BD19A4 /* Stats.Detail.swift */ = {isa = PBXFileReference; lastKnownFileType = sourcecode.swift; path = Stats.Detail.swift; sourceTree = "<group>"; };
		CEDF5D78285E037B00BD19A4 /* Chart.Trend.swift */ = {isa = PBXFileReference; lastKnownFileType = sourcecode.swift; path = Chart.Trend.swift; sourceTree = "<group>"; };
		CEF40C9C2779F53F001BECAB /* App.Delegate.swift */ = {isa = PBXFileReference; lastKnownFileType = sourcecode.swift; path = App.Delegate.swift; sourceTree = "<group>"; };
		CEF40C9F2779F6A0001BECAB /* UNUserNotificationCenter.swift */ = {isa = PBXFileReference; fileEncoding = 4; lastKnownFileType = sourcecode.swift; path = UNUserNotificationCenter.swift; sourceTree = "<group>"; };
		CEF40CA32779F6CE001BECAB /* Store.swift */ = {isa = PBXFileReference; fileEncoding = 4; lastKnownFileType = sourcecode.swift; path = Store.swift; sourceTree = "<group>"; };
		CEF40CA42779F6CE001BECAB /* Store.Status.swift */ = {isa = PBXFileReference; fileEncoding = 4; lastKnownFileType = sourcecode.swift; path = Store.Status.swift; sourceTree = "<group>"; };
		CEF40CA52779F6CE001BECAB /* Store.Item.swift */ = {isa = PBXFileReference; fileEncoding = 4; lastKnownFileType = sourcecode.swift; path = Store.Item.swift; sourceTree = "<group>"; };
		CEF40CA92779F6D9001BECAB /* Global.swift */ = {isa = PBXFileReference; fileEncoding = 4; lastKnownFileType = sourcecode.swift; path = Global.swift; sourceTree = "<group>"; };
		CEF40CAB2779F6E2001BECAB /* Copy.swift */ = {isa = PBXFileReference; fileEncoding = 4; lastKnownFileType = sourcecode.swift; path = Copy.swift; sourceTree = "<group>"; };
		CEF40CB22779FAF7001BECAB /* UIApplication.swift */ = {isa = PBXFileReference; fileEncoding = 4; lastKnownFileType = sourcecode.swift; path = UIApplication.swift; sourceTree = "<group>"; };
		CEF40CBC2779FBB3001BECAB /* Accent.xcassets */ = {isa = PBXFileReference; lastKnownFileType = folder.assetcatalog; path = Accent.xcassets; sourceTree = "<group>"; };
/* End PBXFileReference section */

/* Begin PBXFrameworksBuildPhase section */
		CE252328278C6FFD000A26C5 /* Frameworks */ = {
			isa = PBXFrameworksBuildPhase;
			buildActionMask = 2147483647;
			files = (
				CE7052FE278C733100F6C10B /* CloudKit.framework in Frameworks */,
				CE25234B278C710B000A26C5 /* Hero in Frameworks */,
				CE7052FC278C732200F6C10B /* HealthKit.framework in Frameworks */,
			);
			runOnlyForDeploymentPostprocessing = 0;
		};
		CE512EDE2779F1FF003ED854 /* Frameworks */ = {
			isa = PBXFrameworksBuildPhase;
			buildActionMask = 2147483647;
			files = (
				CE4B3488277A29A500330CB4 /* HealthKit.framework in Frameworks */,
				CEF40CAF2779F760001BECAB /* Hero in Frameworks */,
				CE705300278C733F00F6C10B /* StoreKit.framework in Frameworks */,
				CE4B3486277A299200330CB4 /* CloudKit.framework in Frameworks */,
			);
			runOnlyForDeploymentPostprocessing = 0;
		};
/* End PBXFrameworksBuildPhase section */

/* Begin PBXGroup section */
		CE14B65C2779F0AA00DC35FA = {
			isa = PBXGroup;
			children = (
				CE4B3484277A299200330CB4 /* Frameworks */,
				CE512EE32779F1FF003ED854 /* iOS */,
				CE512EE22779F1FF003ED854 /* Products */,
				CEF40C9E2779F690001BECAB /* Shared */,
				CE252324278C6FFC000A26C5 /* watchOS */,
				CE25232F278C6FFD000A26C5 /* watchOS Extension */,
			);
			sourceTree = "<group>";
		};
		CE252324278C6FFC000A26C5 /* watchOS */ = {
			isa = PBXGroup;
			children = (
				CEADD73327960E8600636974 /* watchOS.entitlements */,
				CE252325278C6FFD000A26C5 /* Assets.xcassets */,
			);
			path = watchOS;
			sourceTree = "<group>";
		};
		CE25232F278C6FFD000A26C5 /* watchOS Extension */ = {
			isa = PBXGroup;
			children = (
				CE7052FA278C732200F6C10B /* watchOS Extension.entitlements */,
				CE25233B278C6FFD000A26C5 /* Info.plist */,
				CE252330278C6FFD000A26C5 /* App.Delegate.swift */,
				CE252332278C6FFD000A26C5 /* App.swift */,
				CE12C6782862145E00274FE6 /* Card.swift */,
				CE0FEBD82864A15C009F6663 /* Indicator.swift */,
				CEBE58EE2861CA730062733B /* Main.Actions.swift */,
				CE000D0D2860D7F900FAB4BD /* Main.swift */,
				CEAA8C8F2863238B0009D440 /* Results.Item.swift */,
				CEAA8C8D286323780009D440 /* Results.swift */,
				CE000D082860CE4000FAB4BD /* Stats.Explore.swift */,
				CE0FEBDA2864AFE0009F6663 /* Stats.Item.swift */,
				CE000D042860CD3700FAB4BD /* Stats.swift */,
				CEBE58EA2861B7050062733B /* Walking.Actions.swift */,
				CE12C66E286209B000274FE6 /* Walking.Explore.swift */,
				CEAA8C8B28631CEF0009D440 /* Walking.Info.swift */,
				CE12C6762862108500274FE6 /* Walking.Item.swift */,
				CE000D0F2860D9DE00FAB4BD /* Walking.swift */,
				CE12C67028620C6E00274FE6 /* Walking.Top.swift */,
				CE000CFF2860CC8200FAB4BD /* Window.swift */,
			);
			path = "watchOS Extension";
			sourceTree = "<group>";
		};
		CE4B3484277A299200330CB4 /* Frameworks */ = {
			isa = PBXGroup;
			children = (
				CE7052FF278C733F00F6C10B /* StoreKit.framework */,
				CE7052FD278C733100F6C10B /* CloudKit.framework */,
				CE7052FB278C732200F6C10B /* HealthKit.framework */,
				CEC805B7277B291C00D1B046 /* GameKit.framework */,
				CE4B3487277A29A500330CB4 /* HealthKit.framework */,
				CE4B3485277A299200330CB4 /* CloudKit.framework */,
			);
			name = Frameworks;
			sourceTree = "<group>";
		};
		CE512EE22779F1FF003ED854 /* Products */ = {
			isa = PBXGroup;
			children = (
				CE512EE12779F1FF003ED854 /* WalkHero.app */,
				CE252323278C6FFC000A26C5 /* WalkHero.app */,
				CE25232B278C6FFD000A26C5 /* WalkHero.appex */,
			);
			name = Products;
			sourceTree = "<group>";
		};
		CE512EE32779F1FF003ED854 /* iOS */ = {
			isa = PBXGroup;
			children = (
				CE4B3483277A297700330CB4 /* iOS.entitlements */,
				CE512EF02779F411003ED854 /* Info.plist */,
				CEAB4A2D278C44CB00E23DF5 /* Configuration.storekit */,
				CECD14DE27E60E77005FB1FC /* Launch Screen.storyboard */,
				CE000CF428607C8500FAB4BD /* About.swift */,
				CEF40C9C2779F53F001BECAB /* App.Delegate.swift */,
				CE512EF12779F4BC003ED854 /* App.swift */,
				CEDF5D6E285DEFF300BD19A4 /* Badges.swift */,
				CED8466628589B0B002A4BE6 /* Card.swift */,
				CEF40CAB2779F6E2001BECAB /* Copy.swift */,
				CED84660285888EF002A4BE6 /* Main.Item.swift */,
				CE1912BB285CE2C700956D95 /* Main.Mapper.swift */,
				CE1912B5285CC7E400956D95 /* Main.Navigation.swift */,
				CEC805B9277B36B400D1B046 /* Main.swift */,
				CE1091B4285F3E8D00CB88EB /* Main.Title.swift */,
				CE120552285C87E300584E58 /* Map.swift */,
				CE120554285C8A3100584E58 /* Mapper.swift */,
				CE000CF628607F6200FAB4BD /* Purchases.swift */,
				CE000CFC2860AD3C00FAB4BD /* Results.Item.swift */,
				CE000CFA2860A00800FAB4BD /* Results.swift */,
				CE1912B9285CDEA400956D95 /* Settings.Info.swift */,
				CE000CF2286076F000FAB4BD /* Settings.Item.swift */,
				CE1912B7285CDD4000956D95 /* Settings.swift */,
				CE83B95E2791B3DB0056B006 /* Sheet.swift */,
				CEDF5D76285E00B000BD19A4 /* Stats.Detail.swift */,
				CEDF5D70285DF5CE00BD19A4 /* Stats.Explore.swift */,
				CEDF5D72285DF87300BD19A4 /* Stats.Item.swift */,
				CEDF5D6C285DE16500BD19A4 /* Stats.swift */,
				CEBE58EC2861C4DB0062733B /* Stats.Today.swift */,
				CEF40CA52779F6CE001BECAB /* Store.Item.swift */,
				CEF40CA42779F6CE001BECAB /* Store.Status.swift */,
				CEF40CA32779F6CE001BECAB /* Store.swift */,
				CE963419277CA1F700CCFF4B /* Streak.Month.Day.swift */,
				CE96341D277CA1F700CCFF4B /* Streak.Month.swift */,
				CE96341B277CA1F700CCFF4B /* Streak.Navigation.swift */,
				CE1091B6285F408B00CB88EB /* Streak.swift */,
				CEF40CB22779FAF7001BECAB /* UIApplication.swift */,
				CEF40C9F2779F6A0001BECAB /* UNUserNotificationCenter.swift */,
				CE000CF82860857900FAB4BD /* Upgrade.swift */,
				CE3965E5285B73ED008A3CAF /* Walking.Explore.swift */,
				CEBF91B22858A96800811090 /* Walking.Item.swift */,
				CEB0D6D7278DC0CE00A7C9AF /* Walking.swift */,
				CE3965EF285B80CE008A3CAF /* Walking.Top.swift */,
				CED8466228589270002A4BE6 /* Window.swift */,
				CE512EE82779F1FF003ED854 /* Assets.xcassets */,
			);
			path = iOS;
			sourceTree = "<group>";
		};
		CEF40C9E2779F690001BECAB /* Shared */ = {
			isa = PBXGroup;
			children = (
				CE3965DD285B37F9008A3CAF /* AttributedString.swift */,
				CE846E66278E178B005989B0 /* Challenge.swift */,
				CEDF5D78285E037B00BD19A4 /* Chart.Trend.swift */,
				CEF40CA92779F6D9001BECAB /* Global.swift */,
				CE3965EC285B7CFE008A3CAF /* Leaf.Name.swift */,
				CE41574D2859D3A5001513A0 /* Progress.swift */,
				CED84664285893A7002A4BE6 /* Session.swift */,
				CE005EE2285A4B0B00CE370E /* Walker.swift */,
				CEF40CBC2779FBB3001BECAB /* Accent.xcassets */,
				CE3965E9285B7C71008A3CAF /* Leaf.xcassets */,
				CE000D012860CCC300FAB4BD /* Media.xcassets */,
			);
			path = Shared;
			sourceTree = "<group>";
		};
/* End PBXGroup section */

/* Begin PBXNativeTarget section */
		CE252322278C6FFC000A26C5 /* watchOS */ = {
			isa = PBXNativeTarget;
			buildConfigurationList = CE252346278C6FFD000A26C5 /* Build configuration list for PBXNativeTarget "watchOS" */;
			buildPhases = (
				CE252321278C6FFC000A26C5 /* Resources */,
				CE252342278C6FFD000A26C5 /* Embed App Extensions */,
			);
			buildRules = (
			);
			dependencies = (
				CE25232E278C6FFD000A26C5 /* PBXTargetDependency */,
			);
			name = watchOS;
			productName = watchOS;
			productReference = CE252323278C6FFC000A26C5 /* WalkHero.app */;
			productType = "com.apple.product-type.application.watchapp2";
		};
		CE25232A278C6FFD000A26C5 /* watchOS Extension */ = {
			isa = PBXNativeTarget;
			buildConfigurationList = CE252345278C6FFD000A26C5 /* Build configuration list for PBXNativeTarget "watchOS Extension" */;
			buildPhases = (
				CE252327278C6FFD000A26C5 /* Sources */,
				CE252328278C6FFD000A26C5 /* Frameworks */,
				CE252329278C6FFD000A26C5 /* Resources */,
			);
			buildRules = (
			);
			dependencies = (
			);
			name = "watchOS Extension";
			packageProductDependencies = (
				CE25234A278C710B000A26C5 /* Hero */,
			);
			productName = "watchOS WatchKit Extension";
			productReference = CE25232B278C6FFD000A26C5 /* WalkHero.appex */;
			productType = "com.apple.product-type.watchkit2-extension";
		};
		CE512EE02779F1FF003ED854 /* iOS */ = {
			isa = PBXNativeTarget;
			buildConfigurationList = CE512EEF2779F1FF003ED854 /* Build configuration list for PBXNativeTarget "iOS" */;
			buildPhases = (
				CE512EDD2779F1FF003ED854 /* Sources */,
				CE512EDE2779F1FF003ED854 /* Frameworks */,
				CE512EDF2779F1FF003ED854 /* Resources */,
				CE25233F278C6FFD000A26C5 /* Embed Watch Content */,
			);
			buildRules = (
			);
			dependencies = (
				CE25233D278C6FFD000A26C5 /* PBXTargetDependency */,
			);
			name = iOS;
			packageProductDependencies = (
				CEF40CAE2779F760001BECAB /* Hero */,
			);
			productName = iOS;
			productReference = CE512EE12779F1FF003ED854 /* WalkHero.app */;
			productType = "com.apple.product-type.application";
		};
/* End PBXNativeTarget section */

/* Begin PBXProject section */
		CE14B65D2779F0AA00DC35FA /* Project object */ = {
			isa = PBXProject;
			attributes = {
				BuildIndependentTargetsInParallel = 1;
				LastSwiftUpdateCheck = 1320;
				LastUpgradeCheck = 1320;
				TargetAttributes = {
					CE252322278C6FFC000A26C5 = {
						CreatedOnToolsVersion = 13.2.1;
					};
					CE25232A278C6FFD000A26C5 = {
						CreatedOnToolsVersion = 13.2.1;
					};
					CE512EE02779F1FF003ED854 = {
						CreatedOnToolsVersion = 13.2.1;
					};
				};
			};
			buildConfigurationList = CE14B6602779F0AA00DC35FA /* Build configuration list for PBXProject "WalkHero" */;
			compatibilityVersion = "Xcode 13.0";
			developmentRegion = en;
			hasScannedForEncodings = 0;
			knownRegions = (
				en,
				Base,
			);
			mainGroup = CE14B65C2779F0AA00DC35FA;
			packageReferences = (
				CEF40CAD2779F760001BECAB /* XCRemoteSwiftPackageReference "hero" */,
			);
			productRefGroup = CE512EE22779F1FF003ED854 /* Products */;
			projectDirPath = "";
			projectRoot = "";
			targets = (
				CE512EE02779F1FF003ED854 /* iOS */,
				CE252322278C6FFC000A26C5 /* watchOS */,
				CE25232A278C6FFD000A26C5 /* watchOS Extension */,
			);
		};
/* End PBXProject section */

/* Begin PBXResourcesBuildPhase section */
		CE252321278C6FFC000A26C5 /* Resources */ = {
			isa = PBXResourcesBuildPhase;
			buildActionMask = 2147483647;
			files = (
				CE252347278C703C000A26C5 /* Accent.xcassets in Resources */,
				CE252326278C6FFD000A26C5 /* Assets.xcassets in Resources */,
			);
			runOnlyForDeploymentPostprocessing = 0;
		};
		CE252329278C6FFD000A26C5 /* Resources */ = {
			isa = PBXResourcesBuildPhase;
			buildActionMask = 2147483647;
			files = (
				CE252348278C703E000A26C5 /* Accent.xcassets in Resources */,
				CE000D032860CCC300FAB4BD /* Media.xcassets in Resources */,
				CE3965EB285B7C71008A3CAF /* Leaf.xcassets in Resources */,
			);
			runOnlyForDeploymentPostprocessing = 0;
		};
		CE512EDF2779F1FF003ED854 /* Resources */ = {
			isa = PBXResourcesBuildPhase;
			buildActionMask = 2147483647;
			files = (
				CE000D022860CCC300FAB4BD /* Media.xcassets in Resources */,
				CECD14DF27E60E77005FB1FC /* Launch Screen.storyboard in Resources */,
				CE3965EA285B7C71008A3CAF /* Leaf.xcassets in Resources */,
				CEF40CBD2779FBB3001BECAB /* Accent.xcassets in Resources */,
				CE512EE92779F1FF003ED854 /* Assets.xcassets in Resources */,
			);
			runOnlyForDeploymentPostprocessing = 0;
		};
/* End PBXResourcesBuildPhase section */

/* Begin PBXSourcesBuildPhase section */
		CE252327278C6FFD000A26C5 /* Sources */ = {
			isa = PBXSourcesBuildPhase;
			buildActionMask = 2147483647;
			files = (
				CE252333278C6FFD000A26C5 /* App.swift in Sources */,
				CEAA8C8C28631CEF0009D440 /* Walking.Info.swift in Sources */,
				CE12C6792862145E00274FE6 /* Card.swift in Sources */,
				CE000D112860DA1D00FAB4BD /* Walker.swift in Sources */,
				CE000D062860CD3700FAB4BD /* Stats.swift in Sources */,
				CEAA8C902863238B0009D440 /* Results.Item.swift in Sources */,
				CE252331278C6FFD000A26C5 /* App.Delegate.swift in Sources */,
				CE12C6772862108500274FE6 /* Walking.Item.swift in Sources */,
				CE000CFE2860CBFD00FAB4BD /* Session.swift in Sources */,
				CE0FEBD728649E7F009F6663 /* Progress.swift in Sources */,
				CE000D0E2860D7F900FAB4BD /* Main.swift in Sources */,
				CE3965DF285B37F9008A3CAF /* AttributedString.swift in Sources */,
				CEBE58EF2861CA730062733B /* Main.Actions.swift in Sources */,
				CE846E68278E17A1005989B0 /* Challenge.swift in Sources */,
				CE12C67128620C6E00274FE6 /* Walking.Top.swift in Sources */,
				CE252349278C70B0000A26C5 /* Global.swift in Sources */,
				CE0FEBD92864A15C009F6663 /* Indicator.swift in Sources */,
				CE000D072860CE2200FAB4BD /* Chart.Trend.swift in Sources */,
				CE000D102860D9DE00FAB4BD /* Walking.swift in Sources */,
				CE3965EE285B7CFE008A3CAF /* Leaf.Name.swift in Sources */,
				CEBE58EB2861B7050062733B /* Walking.Actions.swift in Sources */,
				CE000D0A2860CE4000FAB4BD /* Stats.Explore.swift in Sources */,
				CEAA8C8E286323780009D440 /* Results.swift in Sources */,
				CE000D002860CC8200FAB4BD /* Window.swift in Sources */,
				CE12C66F286209B000274FE6 /* Walking.Explore.swift in Sources */,
				CE0FEBDB2864AFE0009F6663 /* Stats.Item.swift in Sources */,
			);
			runOnlyForDeploymentPostprocessing = 0;
		};
		CE512EDD2779F1FF003ED854 /* Sources */ = {
			isa = PBXSourcesBuildPhase;
			buildActionMask = 2147483647;
			files = (
				CE1091B5285F3E8D00CB88EB /* Main.Title.swift in Sources */,
				CEF40CAC2779F6E2001BECAB /* Copy.swift in Sources */,
				CED8466728589B0B002A4BE6 /* Card.swift in Sources */,
				CE000CF92860857900FAB4BD /* Upgrade.swift in Sources */,
				CEF40CAA2779F6D9001BECAB /* Global.swift in Sources */,
				CEBF91B32858A96800811090 /* Walking.Item.swift in Sources */,
				CE963423277CA1F700CCFF4B /* Streak.Month.swift in Sources */,
				CE41574E2859D3A5001513A0 /* Progress.swift in Sources */,
				CE000CF728607F6200FAB4BD /* Purchases.swift in Sources */,
				CE120555285C8A3100584E58 /* Mapper.swift in Sources */,
				CED8466328589270002A4BE6 /* Window.swift in Sources */,
				CEB0D6D8278DC0CE00A7C9AF /* Walking.swift in Sources */,
				CE1091B7285F408B00CB88EB /* Streak.swift in Sources */,
				CE1912B8285CDD4000956D95 /* Settings.swift in Sources */,
				CE3965DE285B37F9008A3CAF /* AttributedString.swift in Sources */,
				CEF40CB32779FAF7001BECAB /* UIApplication.swift in Sources */,
				CE005EE3285A4B0B00CE370E /* Walker.swift in Sources */,
				CEF40CA62779F6CE001BECAB /* Store.swift in Sources */,
				CE000CFD2860AD3C00FAB4BD /* Results.Item.swift in Sources */,
				CE000CFB2860A00800FAB4BD /* Results.swift in Sources */,
				CE3965ED285B7CFE008A3CAF /* Leaf.Name.swift in Sources */,
				CE000CF528607C8500FAB4BD /* About.swift in Sources */,
				CE512EF22779F4BC003ED854 /* App.swift in Sources */,
				CEDF5D77285E00B000BD19A4 /* Stats.Detail.swift in Sources */,
				CEC805BA277B36B400D1B046 /* Main.swift in Sources */,
				CE000CF3286076F000FAB4BD /* Settings.Item.swift in Sources */,
				CE1912BC285CE2C700956D95 /* Main.Mapper.swift in Sources */,
				CEF40C9D2779F53F001BECAB /* App.Delegate.swift in Sources */,
				CE1912B6285CC7E400956D95 /* Main.Navigation.swift in Sources */,
				CEDF5D73285DF87300BD19A4 /* Stats.Item.swift in Sources */,
				CE963421277CA1F700CCFF4B /* Streak.Navigation.swift in Sources */,
				CE1912BA285CDEA400956D95 /* Settings.Info.swift in Sources */,
				CEDF5D6F285DEFF300BD19A4 /* Badges.swift in Sources */,
				CE83B95F2791B3DB0056B006 /* Sheet.swift in Sources */,
				CEF40CA82779F6CE001BECAB /* Store.Item.swift in Sources */,
				CEF40CA72779F6CE001BECAB /* Store.Status.swift in Sources */,
				CE120553285C87E300584E58 /* Map.swift in Sources */,
				CE3965F0285B80CE008A3CAF /* Walking.Top.swift in Sources */,
				CEDF5D6D285DE16500BD19A4 /* Stats.swift in Sources */,
				CEDF5D79285E037B00BD19A4 /* Chart.Trend.swift in Sources */,
				CE96341F277CA1F700CCFF4B /* Streak.Month.Day.swift in Sources */,
				CE3965E6285B73ED008A3CAF /* Walking.Explore.swift in Sources */,
				CED84665285893A7002A4BE6 /* Session.swift in Sources */,
				CEF40CA02779F6A0001BECAB /* UNUserNotificationCenter.swift in Sources */,
				CEBE58ED2861C4DB0062733B /* Stats.Today.swift in Sources */,
				CED84661285888EF002A4BE6 /* Main.Item.swift in Sources */,
				CEDF5D71285DF5CE00BD19A4 /* Stats.Explore.swift in Sources */,
				CE846E67278E178B005989B0 /* Challenge.swift in Sources */,
			);
			runOnlyForDeploymentPostprocessing = 0;
		};
/* End PBXSourcesBuildPhase section */

/* Begin PBXTargetDependency section */
		CE25232E278C6FFD000A26C5 /* PBXTargetDependency */ = {
			isa = PBXTargetDependency;
			target = CE25232A278C6FFD000A26C5 /* watchOS Extension */;
			targetProxy = CE25232D278C6FFD000A26C5 /* PBXContainerItemProxy */;
		};
		CE25233D278C6FFD000A26C5 /* PBXTargetDependency */ = {
			isa = PBXTargetDependency;
			target = CE252322278C6FFC000A26C5 /* watchOS */;
			targetProxy = CE25233C278C6FFD000A26C5 /* PBXContainerItemProxy */;
		};
/* End PBXTargetDependency section */

/* Begin XCBuildConfiguration section */
		CE14B6612779F0AA00DC35FA /* Debug */ = {
			isa = XCBuildConfiguration;
			buildSettings = {
				CLANG_ENABLE_MODULES = YES;
				CLANG_WARN_BLOCK_CAPTURE_AUTORELEASING = YES;
				CLANG_WARN_BOOL_CONVERSION = YES;
				CLANG_WARN_COMMA = YES;
				CLANG_WARN_CONSTANT_CONVERSION = YES;
				CLANG_WARN_DEPRECATED_OBJC_IMPLEMENTATIONS = YES;
				CLANG_WARN_EMPTY_BODY = YES;
				CLANG_WARN_ENUM_CONVERSION = YES;
				CLANG_WARN_INFINITE_RECURSION = YES;
				CLANG_WARN_INT_CONVERSION = YES;
				CLANG_WARN_NON_LITERAL_NULL_CONVERSION = YES;
				CLANG_WARN_OBJC_IMPLICIT_RETAIN_SELF = YES;
				CLANG_WARN_OBJC_LITERAL_CONVERSION = YES;
				CLANG_WARN_QUOTED_INCLUDE_IN_FRAMEWORK_HEADER = YES;
				CLANG_WARN_RANGE_LOOP_ANALYSIS = YES;
				CLANG_WARN_STRICT_PROTOTYPES = YES;
				CLANG_WARN_SUSPICIOUS_MOVE = YES;
				CLANG_WARN_UNREACHABLE_CODE = YES;
				CLANG_WARN__DUPLICATE_METHOD_MATCH = YES;
				CURRENT_PROJECT_VERSION = 1;
				DEBUG_INFORMATION_FORMAT = dwarf;
				ENABLE_STRICT_OBJC_MSGSEND = YES;
				ENABLE_TESTABILITY = YES;
				GCC_NO_COMMON_BLOCKS = YES;
				GCC_OPTIMIZATION_LEVEL = 0;
				GCC_WARN_64_TO_32_BIT_CONVERSION = YES;
				GCC_WARN_ABOUT_RETURN_TYPE = YES;
				GCC_WARN_UNDECLARED_SELECTOR = YES;
				GCC_WARN_UNINITIALIZED_AUTOS = YES;
				GCC_WARN_UNUSED_FUNCTION = YES;
				GCC_WARN_UNUSED_VARIABLE = YES;
				MARKETING_VERSION = 32;
				ONLY_ACTIVE_ARCH = YES;
				PRODUCT_NAME = WalkHero;
				SWIFT_INSTALL_OBJC_HEADER = NO;
				SWIFT_OPTIMIZATION_LEVEL = "-Onone";
				SWIFT_OPTIMIZE_OBJECT_LIFETIME = YES;
				SWIFT_VERSION = 5.0;
			};
			name = Debug;
		};
		CE14B6622779F0AA00DC35FA /* Release */ = {
			isa = XCBuildConfiguration;
			buildSettings = {
				CLANG_ENABLE_MODULES = YES;
				CLANG_WARN_BLOCK_CAPTURE_AUTORELEASING = YES;
				CLANG_WARN_BOOL_CONVERSION = YES;
				CLANG_WARN_COMMA = YES;
				CLANG_WARN_CONSTANT_CONVERSION = YES;
				CLANG_WARN_DEPRECATED_OBJC_IMPLEMENTATIONS = YES;
				CLANG_WARN_EMPTY_BODY = YES;
				CLANG_WARN_ENUM_CONVERSION = YES;
				CLANG_WARN_INFINITE_RECURSION = YES;
				CLANG_WARN_INT_CONVERSION = YES;
				CLANG_WARN_NON_LITERAL_NULL_CONVERSION = YES;
				CLANG_WARN_OBJC_IMPLICIT_RETAIN_SELF = YES;
				CLANG_WARN_OBJC_LITERAL_CONVERSION = YES;
				CLANG_WARN_QUOTED_INCLUDE_IN_FRAMEWORK_HEADER = YES;
				CLANG_WARN_RANGE_LOOP_ANALYSIS = YES;
				CLANG_WARN_STRICT_PROTOTYPES = YES;
				CLANG_WARN_SUSPICIOUS_MOVE = YES;
				CLANG_WARN_UNREACHABLE_CODE = YES;
				CLANG_WARN__DUPLICATE_METHOD_MATCH = YES;
				CURRENT_PROJECT_VERSION = 1;
				DEBUG_INFORMATION_FORMAT = "dwarf-with-dsym";
				ENABLE_BITCODE = YES;
				ENABLE_STRICT_OBJC_MSGSEND = YES;
				GCC_NO_COMMON_BLOCKS = YES;
				GCC_OPTIMIZATION_LEVEL = fast;
				GCC_WARN_64_TO_32_BIT_CONVERSION = YES;
				GCC_WARN_ABOUT_RETURN_TYPE = YES;
				GCC_WARN_UNDECLARED_SELECTOR = YES;
				GCC_WARN_UNINITIALIZED_AUTOS = YES;
				GCC_WARN_UNUSED_FUNCTION = YES;
				GCC_WARN_UNUSED_VARIABLE = YES;
				MARKETING_VERSION = 32;
				PRODUCT_NAME = WalkHero;
				SWIFT_COMPILATION_MODE = wholemodule;
				SWIFT_INSTALL_OBJC_HEADER = NO;
				SWIFT_OPTIMIZE_OBJECT_LIFETIME = YES;
				SWIFT_VERSION = 5.0;
			};
			name = Release;
		};
		CE252340278C6FFD000A26C5 /* Debug */ = {
			isa = XCBuildConfiguration;
			buildSettings = {
				ALWAYS_SEARCH_USER_PATHS = NO;
				ASSETCATALOG_COMPILER_APPICON_NAME = AppIcon;
				ASSETCATALOG_COMPILER_GLOBAL_ACCENT_COLOR_NAME = AccentColor;
				ASSETCATALOG_COMPILER_INCLUDE_ALL_APPICON_ASSETS = YES;
				CLANG_ANALYZER_NONNULL = YES;
				CLANG_ANALYZER_NUMBER_OBJECT_CONVERSION = YES_AGGRESSIVE;
				CLANG_CXX_LANGUAGE_STANDARD = "gnu++17";
				CLANG_CXX_LIBRARY = "libc++";
				CLANG_ENABLE_OBJC_ARC = YES;
				CLANG_ENABLE_OBJC_WEAK = YES;
				CLANG_WARN_BLOCK_CAPTURE_AUTORELEASING = YES;
				CLANG_WARN_BOOL_CONVERSION = YES;
				CLANG_WARN_COMMA = YES;
				CLANG_WARN_CONSTANT_CONVERSION = YES;
				CLANG_WARN_DEPRECATED_OBJC_IMPLEMENTATIONS = YES;
				CLANG_WARN_DIRECT_OBJC_ISA_USAGE = YES_ERROR;
				CLANG_WARN_DOCUMENTATION_COMMENTS = YES;
				CLANG_WARN_EMPTY_BODY = YES;
				CLANG_WARN_ENUM_CONVERSION = YES;
				CLANG_WARN_INFINITE_RECURSION = YES;
				CLANG_WARN_INT_CONVERSION = YES;
				CLANG_WARN_NON_LITERAL_NULL_CONVERSION = YES;
				CLANG_WARN_OBJC_IMPLICIT_RETAIN_SELF = YES;
				CLANG_WARN_OBJC_LITERAL_CONVERSION = YES;
				CLANG_WARN_OBJC_ROOT_CLASS = YES_ERROR;
				CLANG_WARN_QUOTED_INCLUDE_IN_FRAMEWORK_HEADER = YES;
				CLANG_WARN_RANGE_LOOP_ANALYSIS = YES;
				CLANG_WARN_STRICT_PROTOTYPES = YES;
				CLANG_WARN_SUSPICIOUS_MOVE = YES;
				CLANG_WARN_UNGUARDED_AVAILABILITY = YES_AGGRESSIVE;
				CLANG_WARN_UNREACHABLE_CODE = YES;
				CLANG_WARN__DUPLICATE_METHOD_MATCH = YES;
				CODE_SIGN_ENTITLEMENTS = watchOS/watchOS.entitlements;
				CODE_SIGN_STYLE = Automatic;
				COPY_PHASE_STRIP = NO;
				DEVELOPMENT_TEAM = 7AMWG3RLHN;
				ENABLE_STRICT_OBJC_MSGSEND = YES;
				ENABLE_TESTABILITY = YES;
				GCC_C_LANGUAGE_STANDARD = gnu11;
				GCC_DYNAMIC_NO_PIC = NO;
				GCC_NO_COMMON_BLOCKS = YES;
				GCC_PREPROCESSOR_DEFINITIONS = (
					"DEBUG=1",
					"$(inherited)",
				);
				GCC_WARN_64_TO_32_BIT_CONVERSION = YES;
				GCC_WARN_ABOUT_RETURN_TYPE = YES_ERROR;
				GCC_WARN_UNDECLARED_SELECTOR = YES;
				GCC_WARN_UNINITIALIZED_AUTOS = YES_AGGRESSIVE;
				GCC_WARN_UNUSED_FUNCTION = YES;
				GCC_WARN_UNUSED_VARIABLE = YES;
				GENERATE_INFOPLIST_FILE = YES;
				IBSC_MODULE = watchOS_WatchKit_Extension;
				INFOPLIST_KEY_CFBundleDisplayName = "Walk Hero";
				INFOPLIST_KEY_UISupportedInterfaceOrientations = "UIInterfaceOrientationPortrait UIInterfaceOrientationPortraitUpsideDown";
				INFOPLIST_KEY_WKCompanionAppBundleIdentifier = walkhero;
				MTL_ENABLE_DEBUG_INFO = INCLUDE_SOURCE;
				MTL_FAST_MATH = YES;
				ONLY_ACTIVE_ARCH = YES;
				PRODUCT_BUNDLE_IDENTIFIER = walkhero.wrapper;
				PRODUCT_MODULE_NAME = "$(PRODUCT_NAME:c99extidentifier)wrapper";
				SDKROOT = watchos;
				SKIP_INSTALL = YES;
				SWIFT_ACTIVE_COMPILATION_CONDITIONS = DEBUG;
				SWIFT_EMIT_LOC_STRINGS = YES;
				TARGETED_DEVICE_FAMILY = 4;
				WATCHOS_DEPLOYMENT_TARGET = 8.0;
			};
			name = Debug;
		};
		CE252341278C6FFD000A26C5 /* Release */ = {
			isa = XCBuildConfiguration;
			buildSettings = {
				ALWAYS_SEARCH_USER_PATHS = NO;
				ASSETCATALOG_COMPILER_APPICON_NAME = AppIcon;
				ASSETCATALOG_COMPILER_GLOBAL_ACCENT_COLOR_NAME = AccentColor;
				ASSETCATALOG_COMPILER_INCLUDE_ALL_APPICON_ASSETS = YES;
				CLANG_ANALYZER_NONNULL = YES;
				CLANG_ANALYZER_NUMBER_OBJECT_CONVERSION = YES_AGGRESSIVE;
				CLANG_CXX_LANGUAGE_STANDARD = "gnu++17";
				CLANG_CXX_LIBRARY = "libc++";
				CLANG_ENABLE_OBJC_ARC = YES;
				CLANG_ENABLE_OBJC_WEAK = YES;
				CLANG_WARN_BLOCK_CAPTURE_AUTORELEASING = YES;
				CLANG_WARN_BOOL_CONVERSION = YES;
				CLANG_WARN_COMMA = YES;
				CLANG_WARN_CONSTANT_CONVERSION = YES;
				CLANG_WARN_DEPRECATED_OBJC_IMPLEMENTATIONS = YES;
				CLANG_WARN_DIRECT_OBJC_ISA_USAGE = YES_ERROR;
				CLANG_WARN_DOCUMENTATION_COMMENTS = YES;
				CLANG_WARN_EMPTY_BODY = YES;
				CLANG_WARN_ENUM_CONVERSION = YES;
				CLANG_WARN_INFINITE_RECURSION = YES;
				CLANG_WARN_INT_CONVERSION = YES;
				CLANG_WARN_NON_LITERAL_NULL_CONVERSION = YES;
				CLANG_WARN_OBJC_IMPLICIT_RETAIN_SELF = YES;
				CLANG_WARN_OBJC_LITERAL_CONVERSION = YES;
				CLANG_WARN_OBJC_ROOT_CLASS = YES_ERROR;
				CLANG_WARN_QUOTED_INCLUDE_IN_FRAMEWORK_HEADER = YES;
				CLANG_WARN_RANGE_LOOP_ANALYSIS = YES;
				CLANG_WARN_STRICT_PROTOTYPES = YES;
				CLANG_WARN_SUSPICIOUS_MOVE = YES;
				CLANG_WARN_UNGUARDED_AVAILABILITY = YES_AGGRESSIVE;
				CLANG_WARN_UNREACHABLE_CODE = YES;
				CLANG_WARN__DUPLICATE_METHOD_MATCH = YES;
				CODE_SIGN_ENTITLEMENTS = watchOS/watchOS.entitlements;
				CODE_SIGN_STYLE = Automatic;
				COPY_PHASE_STRIP = NO;
				DEVELOPMENT_TEAM = 7AMWG3RLHN;
				ENABLE_NS_ASSERTIONS = NO;
				ENABLE_STRICT_OBJC_MSGSEND = YES;
				GCC_C_LANGUAGE_STANDARD = gnu11;
				GCC_NO_COMMON_BLOCKS = YES;
				GCC_WARN_64_TO_32_BIT_CONVERSION = YES;
				GCC_WARN_ABOUT_RETURN_TYPE = YES_ERROR;
				GCC_WARN_UNDECLARED_SELECTOR = YES;
				GCC_WARN_UNINITIALIZED_AUTOS = YES_AGGRESSIVE;
				GCC_WARN_UNUSED_FUNCTION = YES;
				GCC_WARN_UNUSED_VARIABLE = YES;
				GENERATE_INFOPLIST_FILE = YES;
				IBSC_MODULE = watchOS_WatchKit_Extension;
				INFOPLIST_KEY_CFBundleDisplayName = "Walk Hero";
				INFOPLIST_KEY_UISupportedInterfaceOrientations = "UIInterfaceOrientationPortrait UIInterfaceOrientationPortraitUpsideDown";
				INFOPLIST_KEY_WKCompanionAppBundleIdentifier = walkhero;
				MTL_ENABLE_DEBUG_INFO = NO;
				MTL_FAST_MATH = YES;
				PRODUCT_BUNDLE_IDENTIFIER = walkhero.wrapper;
				PRODUCT_MODULE_NAME = "$(PRODUCT_NAME:c99extidentifier)wrapper";
				SDKROOT = watchos;
				SKIP_INSTALL = YES;
				SWIFT_EMIT_LOC_STRINGS = YES;
				TARGETED_DEVICE_FAMILY = 4;
				VALIDATE_PRODUCT = YES;
				WATCHOS_DEPLOYMENT_TARGET = 8.0;
			};
			name = Release;
		};
		CE252343278C6FFD000A26C5 /* Debug */ = {
			isa = XCBuildConfiguration;
			buildSettings = {
				ALWAYS_SEARCH_USER_PATHS = NO;
				CLANG_ANALYZER_NONNULL = YES;
				CLANG_ANALYZER_NUMBER_OBJECT_CONVERSION = YES_AGGRESSIVE;
				CLANG_CXX_LANGUAGE_STANDARD = "gnu++17";
				CLANG_CXX_LIBRARY = "libc++";
				CLANG_ENABLE_OBJC_ARC = YES;
				CLANG_ENABLE_OBJC_WEAK = YES;
				CLANG_WARN_BLOCK_CAPTURE_AUTORELEASING = YES;
				CLANG_WARN_BOOL_CONVERSION = YES;
				CLANG_WARN_COMMA = YES;
				CLANG_WARN_CONSTANT_CONVERSION = YES;
				CLANG_WARN_DEPRECATED_OBJC_IMPLEMENTATIONS = YES;
				CLANG_WARN_DIRECT_OBJC_ISA_USAGE = YES_ERROR;
				CLANG_WARN_DOCUMENTATION_COMMENTS = YES;
				CLANG_WARN_EMPTY_BODY = YES;
				CLANG_WARN_ENUM_CONVERSION = YES;
				CLANG_WARN_INFINITE_RECURSION = YES;
				CLANG_WARN_INT_CONVERSION = YES;
				CLANG_WARN_NON_LITERAL_NULL_CONVERSION = YES;
				CLANG_WARN_OBJC_IMPLICIT_RETAIN_SELF = YES;
				CLANG_WARN_OBJC_LITERAL_CONVERSION = YES;
				CLANG_WARN_OBJC_ROOT_CLASS = YES_ERROR;
				CLANG_WARN_QUOTED_INCLUDE_IN_FRAMEWORK_HEADER = YES;
				CLANG_WARN_RANGE_LOOP_ANALYSIS = YES;
				CLANG_WARN_STRICT_PROTOTYPES = YES;
				CLANG_WARN_SUSPICIOUS_MOVE = YES;
				CLANG_WARN_UNGUARDED_AVAILABILITY = YES_AGGRESSIVE;
				CLANG_WARN_UNREACHABLE_CODE = YES;
				CLANG_WARN__DUPLICATE_METHOD_MATCH = YES;
				CODE_SIGN_ENTITLEMENTS = "watchOS Extension/watchOS Extension.entitlements";
				CODE_SIGN_STYLE = Automatic;
				COPY_PHASE_STRIP = NO;
				DEVELOPMENT_ASSET_PATHS = "";
				DEVELOPMENT_TEAM = 7AMWG3RLHN;
				ENABLE_STRICT_OBJC_MSGSEND = YES;
				ENABLE_TESTABILITY = YES;
				GCC_C_LANGUAGE_STANDARD = gnu11;
				GCC_DYNAMIC_NO_PIC = NO;
				GCC_NO_COMMON_BLOCKS = YES;
				GCC_PREPROCESSOR_DEFINITIONS = (
					"DEBUG=1",
					"$(inherited)",
				);
				GCC_WARN_64_TO_32_BIT_CONVERSION = YES;
				GCC_WARN_ABOUT_RETURN_TYPE = YES_ERROR;
				GCC_WARN_UNDECLARED_SELECTOR = YES;
				GCC_WARN_UNINITIALIZED_AUTOS = YES_AGGRESSIVE;
				GCC_WARN_UNUSED_FUNCTION = YES;
				GCC_WARN_UNUSED_VARIABLE = YES;
				GENERATE_INFOPLIST_FILE = YES;
				INFOPLIST_FILE = "watchOS Extension/Info.plist";
				INFOPLIST_KEY_CFBundleDisplayName = "Walk Hero";
				INFOPLIST_KEY_NSHealthShareUsageDescription = "Walk Hero counts your steps and walking distance, this permission is optional but helpful if you want to participate on the leaderboards.";
				INFOPLIST_KEY_NSHealthUpdateUsageDescription = "Walk Hero counts your steps and walking distance, this permission is optional but helpful if you want to participate on the leaderboards.";
				INFOPLIST_KEY_NSHumanReadableCopyright = "2021-2022 Walk Hero";
				INFOPLIST_KEY_NSLocationAlwaysAndWhenInUseUsageDescription = "This permission is just to have more accuracy of what areas of the world are you walking, even when the app is not active. This only gets activated when you have a Walk active.";
				INFOPLIST_KEY_NSLocationWhenInUseUsageDescription = "Walk Hero access your location to display where you are walking and discovering new areas of the world. This data is never shared nor stored, and never leaves your device. It is optional but useful if you want to participate on the leaderboards.";
				INFOPLIST_KEY_WKRunsIndependentlyOfCompanionApp = YES;
				LD_RUNPATH_SEARCH_PATHS = (
					"$(inherited)",
					"@executable_path/Frameworks",
					"@executable_path/../../Frameworks",
				);
				MTL_ENABLE_DEBUG_INFO = INCLUDE_SOURCE;
				MTL_FAST_MATH = YES;
				ONLY_ACTIVE_ARCH = YES;
				PRODUCT_BUNDLE_IDENTIFIER = walkhero.wrapper.watch;
				PRODUCT_MODULE_NAME = "$(PRODUCT_NAME:c99extidentifier)watch";
				SDKROOT = watchos;
				SKIP_INSTALL = YES;
				SWIFT_ACTIVE_COMPILATION_CONDITIONS = DEBUG;
				SWIFT_EMIT_LOC_STRINGS = YES;
				TARGETED_DEVICE_FAMILY = 4;
				WATCHOS_DEPLOYMENT_TARGET = 8.0;
			};
			name = Debug;
		};
		CE252344278C6FFD000A26C5 /* Release */ = {
			isa = XCBuildConfiguration;
			buildSettings = {
				ALWAYS_SEARCH_USER_PATHS = NO;
				CLANG_ANALYZER_NONNULL = YES;
				CLANG_ANALYZER_NUMBER_OBJECT_CONVERSION = YES_AGGRESSIVE;
				CLANG_CXX_LANGUAGE_STANDARD = "gnu++17";
				CLANG_CXX_LIBRARY = "libc++";
				CLANG_ENABLE_OBJC_ARC = YES;
				CLANG_ENABLE_OBJC_WEAK = YES;
				CLANG_WARN_BLOCK_CAPTURE_AUTORELEASING = YES;
				CLANG_WARN_BOOL_CONVERSION = YES;
				CLANG_WARN_COMMA = YES;
				CLANG_WARN_CONSTANT_CONVERSION = YES;
				CLANG_WARN_DEPRECATED_OBJC_IMPLEMENTATIONS = YES;
				CLANG_WARN_DIRECT_OBJC_ISA_USAGE = YES_ERROR;
				CLANG_WARN_DOCUMENTATION_COMMENTS = YES;
				CLANG_WARN_EMPTY_BODY = YES;
				CLANG_WARN_ENUM_CONVERSION = YES;
				CLANG_WARN_INFINITE_RECURSION = YES;
				CLANG_WARN_INT_CONVERSION = YES;
				CLANG_WARN_NON_LITERAL_NULL_CONVERSION = YES;
				CLANG_WARN_OBJC_IMPLICIT_RETAIN_SELF = YES;
				CLANG_WARN_OBJC_LITERAL_CONVERSION = YES;
				CLANG_WARN_OBJC_ROOT_CLASS = YES_ERROR;
				CLANG_WARN_QUOTED_INCLUDE_IN_FRAMEWORK_HEADER = YES;
				CLANG_WARN_RANGE_LOOP_ANALYSIS = YES;
				CLANG_WARN_STRICT_PROTOTYPES = YES;
				CLANG_WARN_SUSPICIOUS_MOVE = YES;
				CLANG_WARN_UNGUARDED_AVAILABILITY = YES_AGGRESSIVE;
				CLANG_WARN_UNREACHABLE_CODE = YES;
				CLANG_WARN__DUPLICATE_METHOD_MATCH = YES;
				CODE_SIGN_ENTITLEMENTS = "watchOS Extension/watchOS Extension.entitlements";
				CODE_SIGN_STYLE = Automatic;
				COPY_PHASE_STRIP = NO;
				DEVELOPMENT_ASSET_PATHS = "";
				DEVELOPMENT_TEAM = 7AMWG3RLHN;
				ENABLE_NS_ASSERTIONS = NO;
				ENABLE_STRICT_OBJC_MSGSEND = YES;
				GCC_C_LANGUAGE_STANDARD = gnu11;
				GCC_NO_COMMON_BLOCKS = YES;
				GCC_WARN_64_TO_32_BIT_CONVERSION = YES;
				GCC_WARN_ABOUT_RETURN_TYPE = YES_ERROR;
				GCC_WARN_UNDECLARED_SELECTOR = YES;
				GCC_WARN_UNINITIALIZED_AUTOS = YES_AGGRESSIVE;
				GCC_WARN_UNUSED_FUNCTION = YES;
				GCC_WARN_UNUSED_VARIABLE = YES;
				GENERATE_INFOPLIST_FILE = YES;
				INFOPLIST_FILE = "watchOS Extension/Info.plist";
				INFOPLIST_KEY_CFBundleDisplayName = "Walk Hero";
				INFOPLIST_KEY_NSHealthShareUsageDescription = "Walk Hero counts your steps and walking distance, this permission is optional but helpful if you want to participate on the leaderboards.";
				INFOPLIST_KEY_NSHealthUpdateUsageDescription = "Walk Hero counts your steps and walking distance, this permission is optional but helpful if you want to participate on the leaderboards.";
				INFOPLIST_KEY_NSHumanReadableCopyright = "2021-2022 Walk Hero";
				INFOPLIST_KEY_NSLocationAlwaysAndWhenInUseUsageDescription = "This permission is just to have more accuracy of what areas of the world are you walking, even when the app is not active. This only gets activated when you have a Walk active.";
				INFOPLIST_KEY_NSLocationWhenInUseUsageDescription = "Walk Hero access your location to display where you are walking and discovering new areas of the world. This data is never shared nor stored, and never leaves your device. It is optional but useful if you want to participate on the leaderboards.";
				INFOPLIST_KEY_WKRunsIndependentlyOfCompanionApp = YES;
				LD_RUNPATH_SEARCH_PATHS = (
					"$(inherited)",
					"@executable_path/Frameworks",
					"@executable_path/../../Frameworks",
				);
				MTL_ENABLE_DEBUG_INFO = NO;
				MTL_FAST_MATH = YES;
				PRODUCT_BUNDLE_IDENTIFIER = walkhero.wrapper.watch;
				PRODUCT_MODULE_NAME = "$(PRODUCT_NAME:c99extidentifier)watch";
				SDKROOT = watchos;
				SKIP_INSTALL = YES;
				SWIFT_EMIT_LOC_STRINGS = YES;
				TARGETED_DEVICE_FAMILY = 4;
				VALIDATE_PRODUCT = YES;
				WATCHOS_DEPLOYMENT_TARGET = 8.0;
			};
			name = Release;
		};
		CE512EED2779F1FF003ED854 /* Debug */ = {
			isa = XCBuildConfiguration;
			buildSettings = {
				ALWAYS_SEARCH_USER_PATHS = NO;
				ASSETCATALOG_COMPILER_APPICON_NAME = AppIcon;
				ASSETCATALOG_COMPILER_GLOBAL_ACCENT_COLOR_NAME = AccentColor;
				CLANG_ANALYZER_NONNULL = YES;
				CLANG_ANALYZER_NUMBER_OBJECT_CONVERSION = YES_AGGRESSIVE;
				CLANG_CXX_LANGUAGE_STANDARD = "gnu++17";
				CLANG_CXX_LIBRARY = "libc++";
				CLANG_ENABLE_OBJC_ARC = YES;
				CLANG_ENABLE_OBJC_WEAK = YES;
				CLANG_WARN_BLOCK_CAPTURE_AUTORELEASING = YES;
				CLANG_WARN_BOOL_CONVERSION = YES;
				CLANG_WARN_COMMA = YES;
				CLANG_WARN_CONSTANT_CONVERSION = YES;
				CLANG_WARN_DEPRECATED_OBJC_IMPLEMENTATIONS = YES;
				CLANG_WARN_DIRECT_OBJC_ISA_USAGE = YES_ERROR;
				CLANG_WARN_DOCUMENTATION_COMMENTS = YES;
				CLANG_WARN_EMPTY_BODY = YES;
				CLANG_WARN_ENUM_CONVERSION = YES;
				CLANG_WARN_INFINITE_RECURSION = YES;
				CLANG_WARN_INT_CONVERSION = YES;
				CLANG_WARN_NON_LITERAL_NULL_CONVERSION = YES;
				CLANG_WARN_OBJC_IMPLICIT_RETAIN_SELF = YES;
				CLANG_WARN_OBJC_LITERAL_CONVERSION = YES;
				CLANG_WARN_OBJC_ROOT_CLASS = YES_ERROR;
				CLANG_WARN_QUOTED_INCLUDE_IN_FRAMEWORK_HEADER = YES;
				CLANG_WARN_RANGE_LOOP_ANALYSIS = YES;
				CLANG_WARN_STRICT_PROTOTYPES = YES;
				CLANG_WARN_SUSPICIOUS_MOVE = YES;
				CLANG_WARN_UNGUARDED_AVAILABILITY = YES_AGGRESSIVE;
				CLANG_WARN_UNREACHABLE_CODE = YES;
				CLANG_WARN__DUPLICATE_METHOD_MATCH = YES;
				CODE_SIGN_ENTITLEMENTS = iOS/iOS.entitlements;
				CODE_SIGN_STYLE = Automatic;
				COPY_PHASE_STRIP = NO;
				DEVELOPMENT_TEAM = 7AMWG3RLHN;
				ENABLE_STRICT_OBJC_MSGSEND = YES;
				ENABLE_TESTABILITY = YES;
				GCC_C_LANGUAGE_STANDARD = gnu11;
				GCC_DYNAMIC_NO_PIC = NO;
				GCC_NO_COMMON_BLOCKS = YES;
				GCC_PREPROCESSOR_DEFINITIONS = (
					"DEBUG=1",
					"$(inherited)",
				);
				GCC_WARN_64_TO_32_BIT_CONVERSION = YES;
				GCC_WARN_ABOUT_RETURN_TYPE = YES_ERROR;
				GCC_WARN_UNDECLARED_SELECTOR = YES;
				GCC_WARN_UNINITIALIZED_AUTOS = YES_AGGRESSIVE;
				GCC_WARN_UNUSED_FUNCTION = YES;
				GCC_WARN_UNUSED_VARIABLE = YES;
				GENERATE_INFOPLIST_FILE = YES;
				INFOPLIST_FILE = iOS/Info.plist;
				INFOPLIST_KEY_CFBundleDisplayName = "Walk Hero";
				INFOPLIST_KEY_NSHealthShareUsageDescription = "Walk Hero counts your steps and walking distance, this permission is optional but helpful if you want to participate on the leaderboards.";
				INFOPLIST_KEY_NSHealthUpdateUsageDescription = "Walk Hero counts your steps and walking distance, this permission is optional but helpful if you want to participate on the leaderboards.";
				INFOPLIST_KEY_NSLocationAlwaysAndWhenInUseUsageDescription = "This permission is just to have more accuracy of what areas of the world are you walking, even when the app is not active. This only gets activated when you have a Walk active.";
				INFOPLIST_KEY_NSLocationWhenInUseUsageDescription = "Walk Hero access your location to display where you are walking and discovering new areas of the world. This data is never shared nor stored, and never leaves your device. It is optional but useful if you want to participate on the leaderboards.";
				INFOPLIST_KEY_UIApplicationSupportsIndirectInputEvents = YES;
				INFOPLIST_KEY_UILaunchStoryboardName = "Launch Screen";
				INFOPLIST_KEY_UIRequiresFullScreen = YES;
				INFOPLIST_KEY_UISupportedInterfaceOrientations = UIInterfaceOrientationPortrait;
				INFOPLIST_KEY_UISupportedInterfaceOrientations_iPhone = UIInterfaceOrientationPortrait;
				IPHONEOS_DEPLOYMENT_TARGET = 15.0;
				LD_RUNPATH_SEARCH_PATHS = (
					"$(inherited)",
					"@executable_path/Frameworks",
				);
				MTL_ENABLE_DEBUG_INFO = INCLUDE_SOURCE;
				MTL_FAST_MATH = YES;
				ONLY_ACTIVE_ARCH = YES;
				PRODUCT_BUNDLE_IDENTIFIER = walkhero;
				PRODUCT_NAME = WalkHero;
				SDKROOT = iphoneos;
				SWIFT_ACTIVE_COMPILATION_CONDITIONS = DEBUG;
				SWIFT_EMIT_LOC_STRINGS = YES;
				TARGETED_DEVICE_FAMILY = "1,2";
			};
			name = Debug;
		};
		CE512EEE2779F1FF003ED854 /* Release */ = {
			isa = XCBuildConfiguration;
			buildSettings = {
				ALWAYS_SEARCH_USER_PATHS = NO;
				ASSETCATALOG_COMPILER_APPICON_NAME = AppIcon;
				ASSETCATALOG_COMPILER_GLOBAL_ACCENT_COLOR_NAME = AccentColor;
				CLANG_ANALYZER_NONNULL = YES;
				CLANG_ANALYZER_NUMBER_OBJECT_CONVERSION = YES_AGGRESSIVE;
				CLANG_CXX_LANGUAGE_STANDARD = "gnu++17";
				CLANG_CXX_LIBRARY = "libc++";
				CLANG_ENABLE_OBJC_ARC = YES;
				CLANG_ENABLE_OBJC_WEAK = YES;
				CLANG_WARN_BLOCK_CAPTURE_AUTORELEASING = YES;
				CLANG_WARN_BOOL_CONVERSION = YES;
				CLANG_WARN_COMMA = YES;
				CLANG_WARN_CONSTANT_CONVERSION = YES;
				CLANG_WARN_DEPRECATED_OBJC_IMPLEMENTATIONS = YES;
				CLANG_WARN_DIRECT_OBJC_ISA_USAGE = YES_ERROR;
				CLANG_WARN_DOCUMENTATION_COMMENTS = YES;
				CLANG_WARN_EMPTY_BODY = YES;
				CLANG_WARN_ENUM_CONVERSION = YES;
				CLANG_WARN_INFINITE_RECURSION = YES;
				CLANG_WARN_INT_CONVERSION = YES;
				CLANG_WARN_NON_LITERAL_NULL_CONVERSION = YES;
				CLANG_WARN_OBJC_IMPLICIT_RETAIN_SELF = YES;
				CLANG_WARN_OBJC_LITERAL_CONVERSION = YES;
				CLANG_WARN_OBJC_ROOT_CLASS = YES_ERROR;
				CLANG_WARN_QUOTED_INCLUDE_IN_FRAMEWORK_HEADER = YES;
				CLANG_WARN_RANGE_LOOP_ANALYSIS = YES;
				CLANG_WARN_STRICT_PROTOTYPES = YES;
				CLANG_WARN_SUSPICIOUS_MOVE = YES;
				CLANG_WARN_UNGUARDED_AVAILABILITY = YES_AGGRESSIVE;
				CLANG_WARN_UNREACHABLE_CODE = YES;
				CLANG_WARN__DUPLICATE_METHOD_MATCH = YES;
				CODE_SIGN_ENTITLEMENTS = iOS/iOS.entitlements;
				CODE_SIGN_STYLE = Automatic;
				COPY_PHASE_STRIP = NO;
				DEVELOPMENT_TEAM = 7AMWG3RLHN;
				ENABLE_NS_ASSERTIONS = NO;
				ENABLE_STRICT_OBJC_MSGSEND = YES;
				GCC_C_LANGUAGE_STANDARD = gnu11;
				GCC_NO_COMMON_BLOCKS = YES;
				GCC_WARN_64_TO_32_BIT_CONVERSION = YES;
				GCC_WARN_ABOUT_RETURN_TYPE = YES_ERROR;
				GCC_WARN_UNDECLARED_SELECTOR = YES;
				GCC_WARN_UNINITIALIZED_AUTOS = YES_AGGRESSIVE;
				GCC_WARN_UNUSED_FUNCTION = YES;
				GCC_WARN_UNUSED_VARIABLE = YES;
				GENERATE_INFOPLIST_FILE = YES;
				INFOPLIST_FILE = iOS/Info.plist;
				INFOPLIST_KEY_CFBundleDisplayName = "Walk Hero";
				INFOPLIST_KEY_NSHealthShareUsageDescription = "Walk Hero counts your steps and walking distance, this permission is optional but helpful if you want to participate on the leaderboards.";
				INFOPLIST_KEY_NSHealthUpdateUsageDescription = "Walk Hero counts your steps and walking distance, this permission is optional but helpful if you want to participate on the leaderboards.";
				INFOPLIST_KEY_NSLocationAlwaysAndWhenInUseUsageDescription = "This permission is just to have more accuracy of what areas of the world are you walking, even when the app is not active. This only gets activated when you have a Walk active.";
				INFOPLIST_KEY_NSLocationWhenInUseUsageDescription = "Walk Hero access your location to display where you are walking and discovering new areas of the world. This data is never shared nor stored, and never leaves your device. It is optional but useful if you want to participate on the leaderboards.";
				INFOPLIST_KEY_UIApplicationSupportsIndirectInputEvents = YES;
				INFOPLIST_KEY_UILaunchStoryboardName = "Launch Screen";
				INFOPLIST_KEY_UIRequiresFullScreen = YES;
				INFOPLIST_KEY_UISupportedInterfaceOrientations = UIInterfaceOrientationPortrait;
				INFOPLIST_KEY_UISupportedInterfaceOrientations_iPhone = UIInterfaceOrientationPortrait;
				IPHONEOS_DEPLOYMENT_TARGET = 15.0;
				LD_RUNPATH_SEARCH_PATHS = (
					"$(inherited)",
					"@executable_path/Frameworks",
				);
				MTL_ENABLE_DEBUG_INFO = NO;
				MTL_FAST_MATH = YES;
				PRODUCT_BUNDLE_IDENTIFIER = walkhero;
				PRODUCT_NAME = WalkHero;
				SDKROOT = iphoneos;
				SWIFT_EMIT_LOC_STRINGS = YES;
				TARGETED_DEVICE_FAMILY = "1,2";
				VALIDATE_PRODUCT = YES;
			};
			name = Release;
		};
/* End XCBuildConfiguration section */

/* Begin XCConfigurationList section */
		CE14B6602779F0AA00DC35FA /* Build configuration list for PBXProject "WalkHero" */ = {
			isa = XCConfigurationList;
			buildConfigurations = (
				CE14B6612779F0AA00DC35FA /* Debug */,
				CE14B6622779F0AA00DC35FA /* Release */,
			);
			defaultConfigurationIsVisible = 0;
			defaultConfigurationName = Release;
		};
		CE252345278C6FFD000A26C5 /* Build configuration list for PBXNativeTarget "watchOS Extension" */ = {
			isa = XCConfigurationList;
			buildConfigurations = (
				CE252343278C6FFD000A26C5 /* Debug */,
				CE252344278C6FFD000A26C5 /* Release */,
			);
			defaultConfigurationIsVisible = 0;
			defaultConfigurationName = Release;
		};
		CE252346278C6FFD000A26C5 /* Build configuration list for PBXNativeTarget "watchOS" */ = {
			isa = XCConfigurationList;
			buildConfigurations = (
				CE252340278C6FFD000A26C5 /* Debug */,
				CE252341278C6FFD000A26C5 /* Release */,
			);
			defaultConfigurationIsVisible = 0;
			defaultConfigurationName = Release;
		};
		CE512EEF2779F1FF003ED854 /* Build configuration list for PBXNativeTarget "iOS" */ = {
			isa = XCConfigurationList;
			buildConfigurations = (
				CE512EED2779F1FF003ED854 /* Debug */,
				CE512EEE2779F1FF003ED854 /* Release */,
			);
			defaultConfigurationIsVisible = 0;
			defaultConfigurationName = Release;
		};
/* End XCConfigurationList section */

/* Begin XCRemoteSwiftPackageReference section */
		CEF40CAD2779F760001BECAB /* XCRemoteSwiftPackageReference "hero" */ = {
			isa = XCRemoteSwiftPackageReference;
			repositoryURL = "https://github.com/walkhero/hero.git";
			requirement = {
				branch = main;
				kind = branch;
			};
		};
/* End XCRemoteSwiftPackageReference section */

/* Begin XCSwiftPackageProductDependency section */
		CE25234A278C710B000A26C5 /* Hero */ = {
			isa = XCSwiftPackageProductDependency;
			package = CEF40CAD2779F760001BECAB /* XCRemoteSwiftPackageReference "hero" */;
			productName = Hero;
		};
		CEF40CAE2779F760001BECAB /* Hero */ = {
			isa = XCSwiftPackageProductDependency;
			package = CEF40CAD2779F760001BECAB /* XCRemoteSwiftPackageReference "hero" */;
			productName = Hero;
		};
/* End XCSwiftPackageProductDependency section */
	};
	rootObject = CE14B65D2779F0AA00DC35FA /* Project object */;
}
