{
  "object": {
    "pins": [
      {
        "package": "Hero",
        "repositoryURL": "https://github.com/walkhero/hero.git",
        "state": {
          "branch": "main",
          "revision": "84f37a4c4fe22af4da95ac5c1b36df4d110e31a3",
          "version": null
        }
      },
      {
        "package": "Archivable",
        "repositoryURL": "https://github.com/archivable/package.git",
        "state": {
          "branch": "main",
          "revision": "9c14c1fe1f0d05b8c5b1cc5be9019c0a97457d21",
          "version": null
        }
      }
    ]
  },
  "version": 1
}
