{
  "object": {
    "pins": [
      {
        "package": "Hero",
        "repositoryURL": "https://github.com/walkhero/hero.git",
        "state": {
          "branch": "main",
          "revision": "696280c0d70938c00775c3c27edbff2f55f0c7d4",
          "version": null
        }
      },
      {
        "package": "Archivable",
        "repositoryURL": "https://github.com/archivable/package.git",
        "state": {
          "branch": "main",
          "revision": "9816cda2aef59a8edc8b5dccd7217604e8791668",
          "version": null
        }
      }
    ]
  },
  "version": 1
}
