{
  "object": {
    "pins": [
      {
        "package": "Hero",
        "repositoryURL": "https://github.com/walkhero/hero.git",
        "state": {
          "branch": "main",
          "revision": "57f73e8e1d9bc695ca60b060e846c5e5b057f169",
          "version": null
        }
      },
      {
        "package": "Archivable",
        "repositoryURL": "https://github.com/archivable/package.git",
        "state": {
          "branch": "main",
          "revision": "830f0af4a6c474b4caa43e5c99c9cca9d55079b2",
          "version": null
        }
      }
    ]
  },
  "version": 1
}
